[[external_source]]
id = "fkst-packages-platform"
git = "https://github.com/ChronoAIProject/fkst-packages.git"

[external_source.intent]
rev = "9d67a87db56fb7bc5d2cba9eb2cb8545d16a64ed"

[external_source.resolved]
rev = "9d67a87db56fb7bc5d2cba9eb2cb8545d16a64ed"
tree_sha256 = "sha256-eedce8b76010d558ddf83fa301a9610cd6f2d121a745a063a3b355907679a4d4"

[[external_source.libraries]]
name = "contract"
unit = "libraries/contract"
exports_sha256 = "sha256-7c47fe42b1fb8fc75e75f18fdbb35397826db6650719db1548aed222bdb83308"

[[external_source.libraries]]
name = "workflow"
unit = "libraries/workflow"
exports_sha256 = "sha256-2415269fbf6ee636a3377de3e8fc6a13573f4511553010c871db7ece3fb646b1"

[[external_source.libraries]]
name = "testkit"
unit = "libraries/testkit"
exports_sha256 = "sha256-18574f619e2c2cfefdc501d4ee03ca1b0eb6864a44980a92c79ebc0cc7bc789a"

[[external_source.libraries]]
name = "forge"
unit = "libraries/forge"
exports_sha256 = "sha256-31da344fa09365dcc1825ec8140b4fb011e5196f60ad622fcde1da36783f8265"

[[external_source.libraries]]
name = "devloop"
unit = "libraries/devloop"
exports_sha256 = "sha256-89498a391e33aecb728737da57673c572da8c894e29f05b0e8963164c9ad97f1"
