[[external_source]]
id = "fkst-packages-platform"
git = "https://github.com/ChronoAIProject/fkst-packages.git"

[external_source.intent]
rev = "126580a06d6027eeafda3c93ac524663eb952354"

[external_source.resolved]
rev = "126580a06d6027eeafda3c93ac524663eb952354"
tree_sha256 = "sha256-76790909665beea54f69c270ae9b6f4851b1ffa01e117b0ed91c70ea929f1c30"

[[external_source.libraries]]
name = "contract"
unit = "libraries/contract"
exports_sha256 = "sha256-7c47fe42b1fb8fc75e75f18fdbb35397826db6650719db1548aed222bdb83308"

[[external_source.libraries]]
name = "workflow"
unit = "libraries/workflow"
exports_sha256 = "sha256-2415269fbf6ee636a3377de3e8fc6a13573f4511553010c871db7ece3fb646b1"

[[external_source.libraries]]
name = "testkit"
unit = "libraries/testkit"
exports_sha256 = "sha256-18574f619e2c2cfefdc501d4ee03ca1b0eb6864a44980a92c79ebc0cc7bc789a"

[[external_source.libraries]]
name = "forge"
unit = "libraries/forge"
exports_sha256 = "sha256-2dc39c440779cfc6ffa70113eff50c4c11cce0fbf502d7e42229e62d53bd04b1"

[[external_source.libraries]]
name = "devloop"
unit = "libraries/devloop"
exports_sha256 = "sha256-0c9df412d166f76e74cc40741c303724c2b977bae8e3b58461ba195e3a03114e"
