{
  "version": 2,
  "dependencies": {
    "net10.0": {
      "Microsoft.CodeAnalysis.BannedApiAnalyzers": {
        "type": "Direct",
        "requested": "[5.6.0, )",
        "resolved": "5.6.0",
        "contentHash": "Kcobt3pnOdO0A+6CKiMHZdTEluJpsfxiV20axtZdmfBQnDmiWTKPJADlgAfdTuKNAnVarrkJa0UEGwuOo91muw=="
      },
      "Microsoft.CodeAnalysis.Analyzers": {
        "type": "Transitive",
        "resolved": "3.11.0",
        "contentHash": "v/EW3UE8/lbEYHoC2Qq7AR/DnmvpgdtAMndfQNmpuIMx/Mto8L5JnuCfdBYtgvalQOtfNCnxFejxuRrryvUTsg=="
      },
      "Microsoft.CodeAnalysis.Common": {
        "type": "Transitive",
        "resolved": "5.0.0",
        "contentHash": "ZXRAdvH6GiDeHRyd3q/km8Z44RoM6FBWHd+gen/la81mVnAdHTEsEkO5J0TCNXBymAcx5UYKt5TvgKBhaLJEow==",
        "dependencies": {
          "Microsoft.CodeAnalysis.Analyzers": "3.11.0"
        }
      },
      "stratalint.engine": {
        "type": "Project",
        "dependencies": {
          "Dunet": "[1.16.2, )",
          "Markdig": "[1.3.2, )",
          "Microsoft.CodeAnalysis.CSharp": "[5.0.0, )",
          "Pidgin": "[3.5.1, )",
          "Trureturing.Truth": "[0.1.0, )"
        }
      },
      "trureturing.truth": {
        "type": "Project"
      },
      "Dunet": {
        "type": "CentralTransitive",
        "requested": "[1.16.2, )",
        "resolved": "1.16.2",
        "contentHash": "R4PEZo50RK76wRW1kq4xiQqX/hnrx8Gn+8T1XIEYuigyjVh3Guhtt3+b4GG2j3h+E3VadLINtbV+Id79nsFy/Q=="
      },
      "Markdig": {
        "type": "CentralTransitive",
        "requested": "[1.3.2, )",
        "resolved": "1.3.2",
        "contentHash": "fZgOC/3CswUrndjDTac70aQpYdtxbW5+5bRumR7vzvI2HJbkmgKisB1c9oT+GA6v0jB/JDR9BLa9FiPzQmaK6A=="
      },
      "Microsoft.CodeAnalysis.CSharp": {
        "type": "CentralTransitive",
        "requested": "[5.0.0, )",
        "resolved": "5.0.0",
        "contentHash": "5DSyJ9bk+ATuDy7fp2Zt0mJStDVKbBoiz1DyfAwSa+k4H4IwykAUcV3URelw5b8/iVbfSaOwkwmPUZH6opZKCw==",
        "dependencies": {
          "Microsoft.CodeAnalysis.Analyzers": "3.11.0",
          "Microsoft.CodeAnalysis.Common": "[5.0.0]"
        }
      },
      "Pidgin": {
        "type": "CentralTransitive",
        "requested": "[3.5.1, )",
        "resolved": "3.5.1",
        "contentHash": "zU7tkXlF3D6d2GLTjJDomAL3nnl4AwfZvSgSz8D4b+Ry21/clqedYlxBnEAkAU/bkGfEv6uRR7QCdWZUpKrB/g=="
      }
    }
  }
}
