{
  "version": 1,
  "dependencies": {
    "net10.0": {
      "Trureturing.Truth": {
        "type": "Direct",
        "requested": "[0.1.0-integration.v2, 0.1.0-integration.v2]",
        "resolved": "0.1.0-integration.v2",
        "contentHash": "f/93u80X4G927UgoP9OsARO6lHsOSbZb67HyljsbGcEVx/hXc8wVvh/acwMyX1Bk7Xtechb7k6UEqBoDwg+zWA=="
      }
    }
  }
}
