
Microsoft Visual Studio Solution File, Format Version 12.00
# Visual Studio Version 17
VisualStudioVersion = 17.0.31903.59
MinimumVisualStudioVersion = 10.0.40219.1
Project("{FAE04EC0-301F-11D3-BF4B-00C04F79EFBC}") = "StrataLint.Engine", "StrataLint.Engine\StrataLint.Engine.csproj", "{E2F4B19B-65AA-4D27-8319-58448E8C0E47}"
EndProject
Project("{FAE04EC0-301F-11D3-BF4B-00C04F79EFBC}") = "StrataLint.Cli", "StrataLint.Cli\StrataLint.Cli.csproj", "{41A4D7E4-06DD-4E89-A052-D5DC46D8D073}"
EndProject
Project("{FAE04EC0-301F-11D3-BF4B-00C04F79EFBC}") = "StrataLint.Tests", "tests\StrataLint.Tests\StrataLint.Tests.csproj", "{7B712EF8-0E6F-4F14-972D-51518C355D44}"
EndProject
Project("{FAE04EC0-301F-11D3-BF4B-00C04F79EFBC}") = "StrataLint.Scribe", "StrataLint.Scribe\StrataLint.Scribe.csproj", "{8F559351-871D-44A0-8D99-6CE7C83D7001}"
EndProject
Project("{FAE04EC0-301F-11D3-BF4B-00C04F79EFBC}") = "StrataLint.Scribe.Tests", "tests\StrataLint.Scribe.Tests\StrataLint.Scribe.Tests.csproj", "{B26A0B2F-7288-4C1F-AE3F-C8742C534876}"
EndProject
Project("{FAE04EC0-301F-11D3-BF4B-00C04F79EFBC}") = "StrataLint.ArchitectureTests", "tests\StrataLint.ArchitectureTests\StrataLint.ArchitectureTests.csproj", "{1597A91E-2EAD-4E6E-BA67-1EAFA7182300}"
EndProject
Project("{FAE04EC0-301F-11D3-BF4B-00C04F79EFBC}") = "StrataLint.EngineeringScope", "StrataLint.EngineeringScope\StrataLint.EngineeringScope.csproj", "{2055AE1E-5F31-4AB4-91ED-369E4D248596}"
EndProject
Project("{FAE04EC0-301F-11D3-BF4B-00C04F79EFBC}") = "Trureturing.Truth", "Trureturing.Truth\Trureturing.Truth.csproj", "{3A34CCAD-D87C-433D-98BE-93925312928E}"
EndProject
Project("{FAE04EC0-301F-11D3-BF4B-00C04F79EFBC}") = "StrataLint.Engine.Tests", "tests\StrataLint.Engine.Tests\StrataLint.Engine.Tests.csproj", "{BE5C02FE-FA46-4E42-B5DD-7536099DE90F}"
EndProject
Project("{FAE04EC0-301F-11D3-BF4B-00C04F79EFBC}") = "StrataLint.EngineeringScope.Tests", "tests\StrataLint.EngineeringScope.Tests\StrataLint.EngineeringScope.Tests.csproj", "{CBFEB510-BA69-4689-BDE7-915D4A19DAC0}"
EndProject
Project("{2150E333-8FDC-42A3-9474-1A3956D46DE8}") = "tests", "tests", "{0AB3BF05-4346-4AA6-1389-037BE0695223}"
EndProject
Project("{FAE04EC0-301F-11D3-BF4B-00C04F79EFBC}") = "Trureturing.Truth.Tests", "tests\Trureturing.Truth.Tests\Trureturing.Truth.Tests.csproj", "{8272A61A-2A16-4F60-8B53-DA1BE6939CA2}"
EndProject
Project("{FAE04EC0-301F-11D3-BF4B-00C04F79EFBC}") = "StrataLint.ScriptTests", "tests\StrataLint.ScriptTests\StrataLint.ScriptTests.csproj", "{69F57989-E714-4637-AD0E-EE2A7722E057}"
EndProject
Project("{FAE04EC0-301F-11D3-BF4B-00C04F79EFBC}") = "StrataLint.TestSupport", "TestSupport\StrataLint.TestSupport\StrataLint.TestSupport.csproj", "{764CF3C5-F85B-4E50-8AD0-979810B3C5C0}"
EndProject
Project("{FAE04EC0-301F-11D3-BF4B-00C04F79EFBC}") = "StrataLint.Scribe.Documents", "StrataLint.Scribe.Documents\StrataLint.Scribe.Documents.csproj", "{85702483-4E91-4A27-93B5-6135804A32E3}"
EndProject
Project("{FAE04EC0-301F-11D3-BF4B-00C04F79EFBC}") = "StrataLint.Scribe.Documents.Tests", "tests\StrataLint.Scribe.Documents.Tests\StrataLint.Scribe.Documents.Tests.csproj", "{FE097BA9-9C80-488F-BF14-EF29C76774B1}"
EndProject
Project("{FAE04EC0-301F-11D3-BF4B-00C04F79EFBC}") = "StrataLint.Lean", "StrataLint.Lean\StrataLint.Lean.csproj", "{CC8F5B01-01C9-47D8-9E79-42904ED64A11}"
EndProject
Project("{FAE04EC0-301F-11D3-BF4B-00C04F79EFBC}") = "StrataLint.Lean.Tests", "tests\StrataLint.Lean.Tests\StrataLint.Lean.Tests.csproj", "{8A1292F3-0226-47E8-841E-BFA6CA9B06FB}"
EndProject
Project("{FAE04EC0-301F-11D3-BF4B-00C04F79EFBC}") = "JudgeSeedTask.Tests", "tests\JudgeSeedTask.Tests\JudgeSeedTask.Tests.csproj", "{80F7D2C1-BC93-4485-A939-FE22DDDE82CC}"
EndProject
Project("{FAE04EC0-301F-11D3-BF4B-00C04F79EFBC}") = "JudgeSeedTask", "scripts\report\JudgeSeedTask.csproj", "{1079E8FE-98F7-4F78-B533-41C39AF9F858}"
EndProject
Project("{FAE04EC0-301F-11D3-BF4B-00C04F79EFBC}") = "StrataLint.Cache.Tests", "tests\StrataLint.Cache.Tests\StrataLint.Cache.Tests.csproj", "{D7E80AF1-D176-4BE7-AFC8-F43951152B7A}"
EndProject
Project("{FAE04EC0-301F-11D3-BF4B-00C04F79EFBC}") = "StrataLint.RegistrationTestSupport", "TestSupport\StrataLint.RegistrationTestSupport\StrataLint.RegistrationTestSupport.csproj", "{B9EB2BAB-D189-4176-A64B-B7A2204CEBAD}"
EndProject
Project("{FAE04EC0-301F-11D3-BF4B-00C04F79EFBC}") = "StrataLint.ProcessTestSupport", "TestSupport\StrataLint.ProcessTestSupport\StrataLint.ProcessTestSupport.csproj", "{1C75A3CB-54E2-46FD-8FBD-62F2BE88434B}"
EndProject
Project("{FAE04EC0-301F-11D3-BF4B-00C04F79EFBC}") = "StrataLint.LeanTestSupport", "TestSupport\StrataLint.LeanTestSupport\StrataLint.LeanTestSupport.csproj", "{46866C49-CBD2-4A5E-8197-A987BB114579}"
EndProject
Project("{FAE04EC0-301F-11D3-BF4B-00C04F79EFBC}") = "StrataLint.AdmissionTestSupport", "TestSupport\StrataLint.AdmissionTestSupport\StrataLint.AdmissionTestSupport.csproj", "{974E0770-B03C-45CF-87BC-C8ED6B2A7B86}"
EndProject
Project("{FAE04EC0-301F-11D3-BF4B-00C04F79EFBC}") = "StrataLint.ReleaseSelection", "StrataLint.ReleaseSelection\StrataLint.ReleaseSelection.csproj", "{D565A51C-2416-421B-BF16-1041CB8293CF}"
EndProject
Project("{FAE04EC0-301F-11D3-BF4B-00C04F79EFBC}") = "StrataLint.ReleaseSelection.Tests", "tests\StrataLint.ReleaseSelection.Tests\StrataLint.ReleaseSelection.Tests.csproj", "{792C00DD-97C0-453D-A6C2-CA1061B68A5C}"
EndProject
Project("{2150E333-8FDC-42A3-9474-1A3956D46DE8}") = "TestSupport", "TestSupport", "{B9FBAFE2-CEC1-436C-EDF6-A2E2E379FED6}"
EndProject
Project("{FAE04EC0-301F-11D3-BF4B-00C04F79EFBC}") = "StrataLint.ReleaseIntegration.Tests", "tests\StrataLint.ReleaseIntegration.Tests\StrataLint.ReleaseIntegration.Tests.csproj", "{B7339F51-E9D7-439B-A148-8B009FA5AE50}"
EndProject
Project("{FAE04EC0-301F-11D3-BF4B-00C04F79EFBC}") = "StrataLint.ScriptProcessTestSupport", "TestSupport\StrataLint.ScriptProcessTestSupport\StrataLint.ScriptProcessTestSupport.csproj", "{17E843F9-D28F-4801-8B4B-664EDC4F755F}"
EndProject
Project("{FAE04EC0-301F-11D3-BF4B-00C04F79EFBC}") = "StrataLint.ExecutionTestSupport", "TestSupport\StrataLint.ExecutionTestSupport\StrataLint.ExecutionTestSupport.csproj", "{76F7C0DE-19D0-4807-83EB-0228609CB362}"
EndProject
Project("{FAE04EC0-301F-11D3-BF4B-00C04F79EFBC}") = "StrataLint.RoutingTestSupport", "TestSupport\StrataLint.RoutingTestSupport\StrataLint.RoutingTestSupport.csproj", "{043F1AF5-7667-42B9-9B61-731AAB644651}"
EndProject
Project("{FAE04EC0-301F-11D3-BF4B-00C04F79EFBC}") = "StrataLint.TransportTestSupport", "TestSupport\StrataLint.TransportTestSupport\StrataLint.TransportTestSupport.csproj", "{FC95D664-D395-40CF-89A4-5941A96AB03C}"
EndProject
Project("{FAE04EC0-301F-11D3-BF4B-00C04F79EFBC}") = "StrataLint.ReleaseTestSupport", "TestSupport\StrataLint.ReleaseTestSupport\StrataLint.ReleaseTestSupport.csproj", "{F5FFB575-AB64-4F60-B188-54CB0F1B34B0}"
EndProject
Project("{FAE04EC0-301F-11D3-BF4B-00C04F79EFBC}") = "StrataLint.NativeReportTestSupport", "TestSupport\StrataLint.NativeReportTestSupport\StrataLint.NativeReportTestSupport.csproj", "{68D12D32-C9B8-4063-8D1D-58F0D57BA3F6}"
EndProject
Project("{FAE04EC0-301F-11D3-BF4B-00C04F79EFBC}") = "StrataLint.PreflightTestSupport", "TestSupport\StrataLint.PreflightTestSupport\StrataLint.PreflightTestSupport.csproj", "{8F827D20-3357-4D72-B1B4-598A3C262658}"
EndProject
Project("{FAE04EC0-301F-11D3-BF4B-00C04F79EFBC}") = "StrataLint.ResourcePlanning.Tests", "tests\StrataLint.ResourcePlanning.Tests\StrataLint.ResourcePlanning.Tests.csproj", "{0106AF1B-D3EE-467C-8429-1FCB841FBC54}"
EndProject
Project("{FAE04EC0-301F-11D3-BF4B-00C04F79EFBC}") = "StrataLint.InspectionScope.Tests", "tests\StrataLint.InspectionScope.Tests\StrataLint.InspectionScope.Tests.csproj", "{6D208C3D-924C-44E2-9495-AA2F25B63509}"
EndProject
Project("{FAE04EC0-301F-11D3-BF4B-00C04F79EFBC}") = "StrataLint.ExecutionEvidence.Tests", "tests\StrataLint.ExecutionEvidence.Tests\StrataLint.ExecutionEvidence.Tests.csproj", "{113EB015-2AC6-4672-8BA7-0B52F7CF83E7}"
EndProject
Project("{FAE04EC0-301F-11D3-BF4B-00C04F79EFBC}") = "StrataLint.PlanningIntegration.Tests", "tests\StrataLint.PlanningIntegration.Tests\StrataLint.PlanningIntegration.Tests.csproj", "{011066D9-436A-4ADC-8F97-2D61DB8EB76C}"
EndProject
Project("{FAE04EC0-301F-11D3-BF4B-00C04F79EFBC}") = "StrataLint.BuildIntegration.Tests", "tests\StrataLint.BuildIntegration.Tests\StrataLint.BuildIntegration.Tests.csproj", "{249475A3-7862-4708-BC35-45426AE32C47}"
EndProject
Project("{FAE04EC0-301F-11D3-BF4B-00C04F79EFBC}") = "StrataLint.CheckIntegration.Tests", "tests\StrataLint.CheckIntegration.Tests\StrataLint.CheckIntegration.Tests.csproj", "{282F14BD-242F-465F-8B3F-FF4A8C2BF978}"
EndProject
Project("{FAE04EC0-301F-11D3-BF4B-00C04F79EFBC}") = "StrataLint.TransportIntegration.Tests", "tests\StrataLint.TransportIntegration.Tests\StrataLint.TransportIntegration.Tests.csproj", "{5D602CAB-93F3-44E3-8CFF-9712E2850C98}"
EndProject
Project("{FAE04EC0-301F-11D3-BF4B-00C04F79EFBC}") = "StrataLint.StageIntegration.Tests", "tests\StrataLint.StageIntegration.Tests\StrataLint.StageIntegration.Tests.csproj", "{46803C29-2D5C-4840-9754-0E97969AC72F}"
EndProject
Project("{FAE04EC0-301F-11D3-BF4B-00C04F79EFBC}") = "StrataLint.InspectionIntegration.Tests", "tests\StrataLint.InspectionIntegration.Tests\StrataLint.InspectionIntegration.Tests.csproj", "{48BF6648-2FC0-4238-9E0A-A6C71A32550F}"
EndProject
Project("{FAE04EC0-301F-11D3-BF4B-00C04F79EFBC}") = "StrataLint.ResourcePlanning", "StrataLint.ResourcePlanning\StrataLint.ResourcePlanning.csproj", "{3C44A172-8092-4FA3-91F9-8FE9254EF07B}"
EndProject
Project("{FAE04EC0-301F-11D3-BF4B-00C04F79EFBC}") = "StrataLint.InspectionScope", "StrataLint.InspectionScope\StrataLint.InspectionScope.csproj", "{28E0C023-220D-4B45-AC76-B1A0F2BF53ED}"
EndProject
Project("{FAE04EC0-301F-11D3-BF4B-00C04F79EFBC}") = "StrataLint.ExecutionEvidence", "StrataLint.ExecutionEvidence\StrataLint.ExecutionEvidence.csproj", "{408BDFA0-013A-484A-A802-77A6074B2B6D}"
EndProject
Project("{FAE04EC0-301F-11D3-BF4B-00C04F79EFBC}") = "StrataLint.BuildRuntime", "StrataLint.BuildRuntime\StrataLint.BuildRuntime.csproj", "{BAC4B9FA-6DDF-475C-A74D-CE352836C801}"
EndProject
Project("{FAE04EC0-301F-11D3-BF4B-00C04F79EFBC}") = "StrataLint.CiArtifacts", "StrataLint.CiArtifacts\StrataLint.CiArtifacts.csproj", "{84E80C19-B972-498B-804D-CC4CB6894C19}"
EndProject
Project("{FAE04EC0-301F-11D3-BF4B-00C04F79EFBC}") = "StrataLint.BuildRuntime.Tests", "tests\StrataLint.BuildRuntime.Tests\StrataLint.BuildRuntime.Tests.csproj", "{B3AD134C-046D-4142-95A1-C0599B03112B}"
EndProject
Project("{FAE04EC0-301F-11D3-BF4B-00C04F79EFBC}") = "StrataLint.CiArtifacts.Tests", "tests\StrataLint.CiArtifacts.Tests\StrataLint.CiArtifacts.Tests.csproj", "{D309F9B8-444F-42A2-B254-C15297602E99}"
EndProject
Project("{FAE04EC0-301F-11D3-BF4B-00C04F79EFBC}") = "StrataLint.NativeTransportIntegration.Tests", "tests\StrataLint.NativeTransportIntegration.Tests\StrataLint.NativeTransportIntegration.Tests.csproj", "{0B40FDA2-A34D-4C99-BB01-DCE7D671E5E5}"
EndProject
Project("{FAE04EC0-301F-11D3-BF4B-00C04F79EFBC}") = "StrataLint.CliTestSupport", "TestSupport\StrataLint.CliTestSupport\StrataLint.CliTestSupport.csproj", "{0459317C-F4B3-4170-B5C7-E3F035B54C29}"
EndProject
Project("{FAE04EC0-301F-11D3-BF4B-00C04F79EFBC}") = "StrataLint.CliIntegration.Tests", "tests\StrataLint.CliIntegration.Tests\StrataLint.CliIntegration.Tests.csproj", "{7C32000D-02EE-46AD-9A94-6A1A82E496B2}"
EndProject
Project("{FAE04EC0-301F-11D3-BF4B-00C04F79EFBC}") = "StrataLint.Cache.Native.Tests", "tests\StrataLint.Cache.Native.Tests\StrataLint.Cache.Native.Tests.csproj", "{F6382F4D-0B83-445D-BC62-745E0ABEBB46}"
EndProject
Project("{FAE04EC0-301F-11D3-BF4B-00C04F79EFBC}") = "StrataLint.Cache.Release.Tests", "tests\StrataLint.Cache.Release.Tests\StrataLint.Cache.Release.Tests.csproj", "{243D3BA9-F869-42EE-8E9C-7F24A31B0C1A}"
EndProject
Project("{FAE04EC0-301F-11D3-BF4B-00C04F79EFBC}") = "StrataLint.HeaderScript.Tests", "tests\StrataLint.HeaderScript.Tests\StrataLint.HeaderScript.Tests.csproj", "{4658C8B6-5321-4E8A-9388-DDDFF52E08B3}"
EndProject
Project("{FAE04EC0-301F-11D3-BF4B-00C04F79EFBC}") = "StrataLint.Configuration", "StrataLint.Configuration\StrataLint.Configuration.csproj", "{A63DD9A9-3800-4344-A539-476DA47688FC}"
EndProject
Project("{FAE04EC0-301F-11D3-BF4B-00C04F79EFBC}") = "StrataLint.Configuration.Tests", "tests\StrataLint.Configuration.Tests\StrataLint.Configuration.Tests.csproj", "{7FD0463B-19C4-46C4-8546-F033D8E4C6F5}"
EndProject
Project("{FAE04EC0-301F-11D3-BF4B-00C04F79EFBC}") = "StrataLint.RepositoryConfiguration.Tests", "tests\StrataLint.RepositoryConfiguration.Tests\StrataLint.RepositoryConfiguration.Tests.csproj", "{C39B9B45-56DD-446A-8042-EF41169B5F0D}"
EndProject
Project("{FAE04EC0-301F-11D3-BF4B-00C04F79EFBC}") = "StrataLint.ConfigurationTestSupport", "TestSupport\StrataLint.ConfigurationTestSupport\StrataLint.ConfigurationTestSupport.csproj", "{97E14D3B-7CF4-465F-841F-94026FF5FAA7}"
EndProject
Project("{FAE04EC0-301F-11D3-BF4B-00C04F79EFBC}") = "StrataLint.FileMap", "StrataLint.FileMap\StrataLint.FileMap.csproj", "{0D54ED0B-597F-4494-A298-F157AF509D22}"
EndProject
Project("{FAE04EC0-301F-11D3-BF4B-00C04F79EFBC}") = "StrataLint.FileMap.Tests", "tests\StrataLint.FileMap.Tests\StrataLint.FileMap.Tests.csproj", "{8A391EB7-3CB0-4D5C-8F09-30905937AA91}"
EndProject
Global
	GlobalSection(SolutionConfigurationPlatforms) = preSolution
		Debug|Any CPU = Debug|Any CPU
		Debug|x64 = Debug|x64
		Debug|x86 = Debug|x86
		Release|Any CPU = Release|Any CPU
		Release|x64 = Release|x64
		Release|x86 = Release|x86
	EndGlobalSection
	GlobalSection(ProjectConfigurationPlatforms) = postSolution
		{8A391EB7-3CB0-4D5C-8F09-30905937AA91}.Debug|Any CPU.ActiveCfg = Debug|Any CPU
		{8A391EB7-3CB0-4D5C-8F09-30905937AA91}.Debug|Any CPU.Build.0 = Debug|Any CPU
		{8A391EB7-3CB0-4D5C-8F09-30905937AA91}.Debug|x64.ActiveCfg = Debug|Any CPU
		{8A391EB7-3CB0-4D5C-8F09-30905937AA91}.Debug|x64.Build.0 = Debug|Any CPU
		{8A391EB7-3CB0-4D5C-8F09-30905937AA91}.Debug|x86.ActiveCfg = Debug|Any CPU
		{8A391EB7-3CB0-4D5C-8F09-30905937AA91}.Debug|x86.Build.0 = Debug|Any CPU
		{8A391EB7-3CB0-4D5C-8F09-30905937AA91}.Release|Any CPU.ActiveCfg = Release|Any CPU
		{8A391EB7-3CB0-4D5C-8F09-30905937AA91}.Release|Any CPU.Build.0 = Release|Any CPU
		{8A391EB7-3CB0-4D5C-8F09-30905937AA91}.Release|x64.ActiveCfg = Release|Any CPU
		{8A391EB7-3CB0-4D5C-8F09-30905937AA91}.Release|x64.Build.0 = Release|Any CPU
		{8A391EB7-3CB0-4D5C-8F09-30905937AA91}.Release|x86.ActiveCfg = Release|Any CPU
		{8A391EB7-3CB0-4D5C-8F09-30905937AA91}.Release|x86.Build.0 = Release|Any CPU
		{0D54ED0B-597F-4494-A298-F157AF509D22}.Debug|Any CPU.ActiveCfg = Debug|Any CPU
		{0D54ED0B-597F-4494-A298-F157AF509D22}.Debug|Any CPU.Build.0 = Debug|Any CPU
		{0D54ED0B-597F-4494-A298-F157AF509D22}.Debug|x64.ActiveCfg = Debug|Any CPU
		{0D54ED0B-597F-4494-A298-F157AF509D22}.Debug|x64.Build.0 = Debug|Any CPU
		{0D54ED0B-597F-4494-A298-F157AF509D22}.Debug|x86.ActiveCfg = Debug|Any CPU
		{0D54ED0B-597F-4494-A298-F157AF509D22}.Debug|x86.Build.0 = Debug|Any CPU
		{0D54ED0B-597F-4494-A298-F157AF509D22}.Release|Any CPU.ActiveCfg = Release|Any CPU
		{0D54ED0B-597F-4494-A298-F157AF509D22}.Release|Any CPU.Build.0 = Release|Any CPU
		{0D54ED0B-597F-4494-A298-F157AF509D22}.Release|x64.ActiveCfg = Release|Any CPU
		{0D54ED0B-597F-4494-A298-F157AF509D22}.Release|x64.Build.0 = Release|Any CPU
		{0D54ED0B-597F-4494-A298-F157AF509D22}.Release|x86.ActiveCfg = Release|Any CPU
		{0D54ED0B-597F-4494-A298-F157AF509D22}.Release|x86.Build.0 = Release|Any CPU
		{0B40FDA2-A34D-4C99-BB01-DCE7D671E5E5}.Debug|Any CPU.ActiveCfg = Debug|Any CPU
		{0B40FDA2-A34D-4C99-BB01-DCE7D671E5E5}.Debug|Any CPU.Build.0 = Debug|Any CPU
		{0B40FDA2-A34D-4C99-BB01-DCE7D671E5E5}.Debug|x64.ActiveCfg = Debug|Any CPU
		{0B40FDA2-A34D-4C99-BB01-DCE7D671E5E5}.Debug|x64.Build.0 = Debug|Any CPU
		{0B40FDA2-A34D-4C99-BB01-DCE7D671E5E5}.Debug|x86.ActiveCfg = Debug|Any CPU
		{0B40FDA2-A34D-4C99-BB01-DCE7D671E5E5}.Debug|x86.Build.0 = Debug|Any CPU
		{0B40FDA2-A34D-4C99-BB01-DCE7D671E5E5}.Release|Any CPU.ActiveCfg = Release|Any CPU
		{0B40FDA2-A34D-4C99-BB01-DCE7D671E5E5}.Release|Any CPU.Build.0 = Release|Any CPU
		{0B40FDA2-A34D-4C99-BB01-DCE7D671E5E5}.Release|x64.ActiveCfg = Release|Any CPU
		{0B40FDA2-A34D-4C99-BB01-DCE7D671E5E5}.Release|x64.Build.0 = Release|Any CPU
		{0B40FDA2-A34D-4C99-BB01-DCE7D671E5E5}.Release|x86.ActiveCfg = Release|Any CPU
		{0B40FDA2-A34D-4C99-BB01-DCE7D671E5E5}.Release|x86.Build.0 = Release|Any CPU
		{8F827D20-3357-4D72-B1B4-598A3C262658}.Debug|Any CPU.ActiveCfg = Debug|Any CPU
		{8F827D20-3357-4D72-B1B4-598A3C262658}.Debug|Any CPU.Build.0 = Debug|Any CPU
		{8F827D20-3357-4D72-B1B4-598A3C262658}.Debug|x64.ActiveCfg = Debug|Any CPU
		{8F827D20-3357-4D72-B1B4-598A3C262658}.Debug|x64.Build.0 = Debug|Any CPU
		{8F827D20-3357-4D72-B1B4-598A3C262658}.Debug|x86.ActiveCfg = Debug|Any CPU
		{8F827D20-3357-4D72-B1B4-598A3C262658}.Debug|x86.Build.0 = Debug|Any CPU
		{8F827D20-3357-4D72-B1B4-598A3C262658}.Release|Any CPU.ActiveCfg = Release|Any CPU
		{8F827D20-3357-4D72-B1B4-598A3C262658}.Release|Any CPU.Build.0 = Release|Any CPU
		{8F827D20-3357-4D72-B1B4-598A3C262658}.Release|x64.ActiveCfg = Release|Any CPU
		{8F827D20-3357-4D72-B1B4-598A3C262658}.Release|x64.Build.0 = Release|Any CPU
		{8F827D20-3357-4D72-B1B4-598A3C262658}.Release|x86.ActiveCfg = Release|Any CPU
		{8F827D20-3357-4D72-B1B4-598A3C262658}.Release|x86.Build.0 = Release|Any CPU
		{0106AF1B-D3EE-467C-8429-1FCB841FBC54}.Debug|Any CPU.ActiveCfg = Debug|Any CPU
		{0106AF1B-D3EE-467C-8429-1FCB841FBC54}.Debug|Any CPU.Build.0 = Debug|Any CPU
		{0106AF1B-D3EE-467C-8429-1FCB841FBC54}.Debug|x64.ActiveCfg = Debug|Any CPU
		{0106AF1B-D3EE-467C-8429-1FCB841FBC54}.Debug|x64.Build.0 = Debug|Any CPU
		{0106AF1B-D3EE-467C-8429-1FCB841FBC54}.Debug|x86.ActiveCfg = Debug|Any CPU
		{0106AF1B-D3EE-467C-8429-1FCB841FBC54}.Debug|x86.Build.0 = Debug|Any CPU
		{0106AF1B-D3EE-467C-8429-1FCB841FBC54}.Release|Any CPU.ActiveCfg = Release|Any CPU
		{0106AF1B-D3EE-467C-8429-1FCB841FBC54}.Release|Any CPU.Build.0 = Release|Any CPU
		{0106AF1B-D3EE-467C-8429-1FCB841FBC54}.Release|x64.ActiveCfg = Release|Any CPU
		{0106AF1B-D3EE-467C-8429-1FCB841FBC54}.Release|x64.Build.0 = Release|Any CPU
		{0106AF1B-D3EE-467C-8429-1FCB841FBC54}.Release|x86.ActiveCfg = Release|Any CPU
		{0106AF1B-D3EE-467C-8429-1FCB841FBC54}.Release|x86.Build.0 = Release|Any CPU
		{6D208C3D-924C-44E2-9495-AA2F25B63509}.Debug|Any CPU.ActiveCfg = Debug|Any CPU
		{6D208C3D-924C-44E2-9495-AA2F25B63509}.Debug|Any CPU.Build.0 = Debug|Any CPU
		{6D208C3D-924C-44E2-9495-AA2F25B63509}.Debug|x64.ActiveCfg = Debug|Any CPU
		{6D208C3D-924C-44E2-9495-AA2F25B63509}.Debug|x64.Build.0 = Debug|Any CPU
		{6D208C3D-924C-44E2-9495-AA2F25B63509}.Debug|x86.ActiveCfg = Debug|Any CPU
		{6D208C3D-924C-44E2-9495-AA2F25B63509}.Debug|x86.Build.0 = Debug|Any CPU
		{6D208C3D-924C-44E2-9495-AA2F25B63509}.Release|Any CPU.ActiveCfg = Release|Any CPU
		{6D208C3D-924C-44E2-9495-AA2F25B63509}.Release|Any CPU.Build.0 = Release|Any CPU
		{6D208C3D-924C-44E2-9495-AA2F25B63509}.Release|x64.ActiveCfg = Release|Any CPU
		{6D208C3D-924C-44E2-9495-AA2F25B63509}.Release|x64.Build.0 = Release|Any CPU
		{6D208C3D-924C-44E2-9495-AA2F25B63509}.Release|x86.ActiveCfg = Release|Any CPU
		{6D208C3D-924C-44E2-9495-AA2F25B63509}.Release|x86.Build.0 = Release|Any CPU
		{113EB015-2AC6-4672-8BA7-0B52F7CF83E7}.Debug|Any CPU.ActiveCfg = Debug|Any CPU
		{113EB015-2AC6-4672-8BA7-0B52F7CF83E7}.Debug|Any CPU.Build.0 = Debug|Any CPU
		{113EB015-2AC6-4672-8BA7-0B52F7CF83E7}.Debug|x64.ActiveCfg = Debug|Any CPU
		{113EB015-2AC6-4672-8BA7-0B52F7CF83E7}.Debug|x64.Build.0 = Debug|Any CPU
		{113EB015-2AC6-4672-8BA7-0B52F7CF83E7}.Debug|x86.ActiveCfg = Debug|Any CPU
		{113EB015-2AC6-4672-8BA7-0B52F7CF83E7}.Debug|x86.Build.0 = Debug|Any CPU
		{113EB015-2AC6-4672-8BA7-0B52F7CF83E7}.Release|Any CPU.ActiveCfg = Release|Any CPU
		{113EB015-2AC6-4672-8BA7-0B52F7CF83E7}.Release|Any CPU.Build.0 = Release|Any CPU
		{113EB015-2AC6-4672-8BA7-0B52F7CF83E7}.Release|x64.ActiveCfg = Release|Any CPU
		{113EB015-2AC6-4672-8BA7-0B52F7CF83E7}.Release|x64.Build.0 = Release|Any CPU
		{113EB015-2AC6-4672-8BA7-0B52F7CF83E7}.Release|x86.ActiveCfg = Release|Any CPU
		{113EB015-2AC6-4672-8BA7-0B52F7CF83E7}.Release|x86.Build.0 = Release|Any CPU
		{011066D9-436A-4ADC-8F97-2D61DB8EB76C}.Debug|Any CPU.ActiveCfg = Debug|Any CPU
		{011066D9-436A-4ADC-8F97-2D61DB8EB76C}.Debug|Any CPU.Build.0 = Debug|Any CPU
		{011066D9-436A-4ADC-8F97-2D61DB8EB76C}.Debug|x64.ActiveCfg = Debug|Any CPU
		{011066D9-436A-4ADC-8F97-2D61DB8EB76C}.Debug|x64.Build.0 = Debug|Any CPU
		{011066D9-436A-4ADC-8F97-2D61DB8EB76C}.Debug|x86.ActiveCfg = Debug|Any CPU
		{011066D9-436A-4ADC-8F97-2D61DB8EB76C}.Debug|x86.Build.0 = Debug|Any CPU
		{011066D9-436A-4ADC-8F97-2D61DB8EB76C}.Release|Any CPU.ActiveCfg = Release|Any CPU
		{011066D9-436A-4ADC-8F97-2D61DB8EB76C}.Release|Any CPU.Build.0 = Release|Any CPU
		{011066D9-436A-4ADC-8F97-2D61DB8EB76C}.Release|x64.ActiveCfg = Release|Any CPU
		{011066D9-436A-4ADC-8F97-2D61DB8EB76C}.Release|x64.Build.0 = Release|Any CPU
		{011066D9-436A-4ADC-8F97-2D61DB8EB76C}.Release|x86.ActiveCfg = Release|Any CPU
		{011066D9-436A-4ADC-8F97-2D61DB8EB76C}.Release|x86.Build.0 = Release|Any CPU
		{249475A3-7862-4708-BC35-45426AE32C47}.Debug|Any CPU.ActiveCfg = Debug|Any CPU
		{249475A3-7862-4708-BC35-45426AE32C47}.Debug|Any CPU.Build.0 = Debug|Any CPU
		{249475A3-7862-4708-BC35-45426AE32C47}.Debug|x64.ActiveCfg = Debug|Any CPU
		{249475A3-7862-4708-BC35-45426AE32C47}.Debug|x64.Build.0 = Debug|Any CPU
		{249475A3-7862-4708-BC35-45426AE32C47}.Debug|x86.ActiveCfg = Debug|Any CPU
		{249475A3-7862-4708-BC35-45426AE32C47}.Debug|x86.Build.0 = Debug|Any CPU
		{249475A3-7862-4708-BC35-45426AE32C47}.Release|Any CPU.ActiveCfg = Release|Any CPU
		{249475A3-7862-4708-BC35-45426AE32C47}.Release|Any CPU.Build.0 = Release|Any CPU
		{249475A3-7862-4708-BC35-45426AE32C47}.Release|x64.ActiveCfg = Release|Any CPU
		{249475A3-7862-4708-BC35-45426AE32C47}.Release|x64.Build.0 = Release|Any CPU
		{249475A3-7862-4708-BC35-45426AE32C47}.Release|x86.ActiveCfg = Release|Any CPU
		{249475A3-7862-4708-BC35-45426AE32C47}.Release|x86.Build.0 = Release|Any CPU
		{282F14BD-242F-465F-8B3F-FF4A8C2BF978}.Debug|Any CPU.ActiveCfg = Debug|Any CPU
		{282F14BD-242F-465F-8B3F-FF4A8C2BF978}.Debug|Any CPU.Build.0 = Debug|Any CPU
		{282F14BD-242F-465F-8B3F-FF4A8C2BF978}.Debug|x64.ActiveCfg = Debug|Any CPU
		{282F14BD-242F-465F-8B3F-FF4A8C2BF978}.Debug|x64.Build.0 = Debug|Any CPU
		{282F14BD-242F-465F-8B3F-FF4A8C2BF978}.Debug|x86.ActiveCfg = Debug|Any CPU
		{282F14BD-242F-465F-8B3F-FF4A8C2BF978}.Debug|x86.Build.0 = Debug|Any CPU
		{282F14BD-242F-465F-8B3F-FF4A8C2BF978}.Release|Any CPU.ActiveCfg = Release|Any CPU
		{282F14BD-242F-465F-8B3F-FF4A8C2BF978}.Release|Any CPU.Build.0 = Release|Any CPU
		{282F14BD-242F-465F-8B3F-FF4A8C2BF978}.Release|x64.ActiveCfg = Release|Any CPU
		{282F14BD-242F-465F-8B3F-FF4A8C2BF978}.Release|x64.Build.0 = Release|Any CPU
		{282F14BD-242F-465F-8B3F-FF4A8C2BF978}.Release|x86.ActiveCfg = Release|Any CPU
		{282F14BD-242F-465F-8B3F-FF4A8C2BF978}.Release|x86.Build.0 = Release|Any CPU
		{5D602CAB-93F3-44E3-8CFF-9712E2850C98}.Debug|Any CPU.ActiveCfg = Debug|Any CPU
		{5D602CAB-93F3-44E3-8CFF-9712E2850C98}.Debug|Any CPU.Build.0 = Debug|Any CPU
		{5D602CAB-93F3-44E3-8CFF-9712E2850C98}.Debug|x64.ActiveCfg = Debug|Any CPU
		{5D602CAB-93F3-44E3-8CFF-9712E2850C98}.Debug|x64.Build.0 = Debug|Any CPU
		{5D602CAB-93F3-44E3-8CFF-9712E2850C98}.Debug|x86.ActiveCfg = Debug|Any CPU
		{5D602CAB-93F3-44E3-8CFF-9712E2850C98}.Debug|x86.Build.0 = Debug|Any CPU
		{5D602CAB-93F3-44E3-8CFF-9712E2850C98}.Release|Any CPU.ActiveCfg = Release|Any CPU
		{5D602CAB-93F3-44E3-8CFF-9712E2850C98}.Release|Any CPU.Build.0 = Release|Any CPU
		{5D602CAB-93F3-44E3-8CFF-9712E2850C98}.Release|x64.ActiveCfg = Release|Any CPU
		{5D602CAB-93F3-44E3-8CFF-9712E2850C98}.Release|x64.Build.0 = Release|Any CPU
		{5D602CAB-93F3-44E3-8CFF-9712E2850C98}.Release|x86.ActiveCfg = Release|Any CPU
		{5D602CAB-93F3-44E3-8CFF-9712E2850C98}.Release|x86.Build.0 = Release|Any CPU
		{46803C29-2D5C-4840-9754-0E97969AC72F}.Debug|Any CPU.ActiveCfg = Debug|Any CPU
		{46803C29-2D5C-4840-9754-0E97969AC72F}.Debug|Any CPU.Build.0 = Debug|Any CPU
		{46803C29-2D5C-4840-9754-0E97969AC72F}.Debug|x64.ActiveCfg = Debug|Any CPU
		{46803C29-2D5C-4840-9754-0E97969AC72F}.Debug|x64.Build.0 = Debug|Any CPU
		{46803C29-2D5C-4840-9754-0E97969AC72F}.Debug|x86.ActiveCfg = Debug|Any CPU
		{46803C29-2D5C-4840-9754-0E97969AC72F}.Debug|x86.Build.0 = Debug|Any CPU
		{46803C29-2D5C-4840-9754-0E97969AC72F}.Release|Any CPU.ActiveCfg = Release|Any CPU
		{46803C29-2D5C-4840-9754-0E97969AC72F}.Release|Any CPU.Build.0 = Release|Any CPU
		{46803C29-2D5C-4840-9754-0E97969AC72F}.Release|x64.ActiveCfg = Release|Any CPU
		{46803C29-2D5C-4840-9754-0E97969AC72F}.Release|x64.Build.0 = Release|Any CPU
		{46803C29-2D5C-4840-9754-0E97969AC72F}.Release|x86.ActiveCfg = Release|Any CPU
		{46803C29-2D5C-4840-9754-0E97969AC72F}.Release|x86.Build.0 = Release|Any CPU
		{48BF6648-2FC0-4238-9E0A-A6C71A32550F}.Debug|Any CPU.ActiveCfg = Debug|Any CPU
		{48BF6648-2FC0-4238-9E0A-A6C71A32550F}.Debug|Any CPU.Build.0 = Debug|Any CPU
		{48BF6648-2FC0-4238-9E0A-A6C71A32550F}.Debug|x64.ActiveCfg = Debug|Any CPU
		{48BF6648-2FC0-4238-9E0A-A6C71A32550F}.Debug|x64.Build.0 = Debug|Any CPU
		{48BF6648-2FC0-4238-9E0A-A6C71A32550F}.Debug|x86.ActiveCfg = Debug|Any CPU
		{48BF6648-2FC0-4238-9E0A-A6C71A32550F}.Debug|x86.Build.0 = Debug|Any CPU
		{48BF6648-2FC0-4238-9E0A-A6C71A32550F}.Release|Any CPU.ActiveCfg = Release|Any CPU
		{48BF6648-2FC0-4238-9E0A-A6C71A32550F}.Release|Any CPU.Build.0 = Release|Any CPU
		{48BF6648-2FC0-4238-9E0A-A6C71A32550F}.Release|x64.ActiveCfg = Release|Any CPU
		{48BF6648-2FC0-4238-9E0A-A6C71A32550F}.Release|x64.Build.0 = Release|Any CPU
		{48BF6648-2FC0-4238-9E0A-A6C71A32550F}.Release|x86.ActiveCfg = Release|Any CPU
		{48BF6648-2FC0-4238-9E0A-A6C71A32550F}.Release|x86.Build.0 = Release|Any CPU
		{3C44A172-8092-4FA3-91F9-8FE9254EF07B}.Debug|Any CPU.ActiveCfg = Debug|Any CPU
		{3C44A172-8092-4FA3-91F9-8FE9254EF07B}.Debug|Any CPU.Build.0 = Debug|Any CPU
		{3C44A172-8092-4FA3-91F9-8FE9254EF07B}.Debug|x64.ActiveCfg = Debug|Any CPU
		{3C44A172-8092-4FA3-91F9-8FE9254EF07B}.Debug|x64.Build.0 = Debug|Any CPU
		{3C44A172-8092-4FA3-91F9-8FE9254EF07B}.Debug|x86.ActiveCfg = Debug|Any CPU
		{3C44A172-8092-4FA3-91F9-8FE9254EF07B}.Debug|x86.Build.0 = Debug|Any CPU
		{3C44A172-8092-4FA3-91F9-8FE9254EF07B}.Release|Any CPU.ActiveCfg = Release|Any CPU
		{3C44A172-8092-4FA3-91F9-8FE9254EF07B}.Release|Any CPU.Build.0 = Release|Any CPU
		{3C44A172-8092-4FA3-91F9-8FE9254EF07B}.Release|x64.ActiveCfg = Release|Any CPU
		{3C44A172-8092-4FA3-91F9-8FE9254EF07B}.Release|x64.Build.0 = Release|Any CPU
		{3C44A172-8092-4FA3-91F9-8FE9254EF07B}.Release|x86.ActiveCfg = Release|Any CPU
		{3C44A172-8092-4FA3-91F9-8FE9254EF07B}.Release|x86.Build.0 = Release|Any CPU
		{28E0C023-220D-4B45-AC76-B1A0F2BF53ED}.Debug|Any CPU.ActiveCfg = Debug|Any CPU
		{28E0C023-220D-4B45-AC76-B1A0F2BF53ED}.Debug|Any CPU.Build.0 = Debug|Any CPU
		{28E0C023-220D-4B45-AC76-B1A0F2BF53ED}.Debug|x64.ActiveCfg = Debug|Any CPU
		{28E0C023-220D-4B45-AC76-B1A0F2BF53ED}.Debug|x64.Build.0 = Debug|Any CPU
		{28E0C023-220D-4B45-AC76-B1A0F2BF53ED}.Debug|x86.ActiveCfg = Debug|Any CPU
		{28E0C023-220D-4B45-AC76-B1A0F2BF53ED}.Debug|x86.Build.0 = Debug|Any CPU
		{28E0C023-220D-4B45-AC76-B1A0F2BF53ED}.Release|Any CPU.ActiveCfg = Release|Any CPU
		{28E0C023-220D-4B45-AC76-B1A0F2BF53ED}.Release|Any CPU.Build.0 = Release|Any CPU
		{28E0C023-220D-4B45-AC76-B1A0F2BF53ED}.Release|x64.ActiveCfg = Release|Any CPU
		{28E0C023-220D-4B45-AC76-B1A0F2BF53ED}.Release|x64.Build.0 = Release|Any CPU
		{28E0C023-220D-4B45-AC76-B1A0F2BF53ED}.Release|x86.ActiveCfg = Release|Any CPU
		{28E0C023-220D-4B45-AC76-B1A0F2BF53ED}.Release|x86.Build.0 = Release|Any CPU
		{408BDFA0-013A-484A-A802-77A6074B2B6D}.Debug|Any CPU.ActiveCfg = Debug|Any CPU
		{408BDFA0-013A-484A-A802-77A6074B2B6D}.Debug|Any CPU.Build.0 = Debug|Any CPU
		{408BDFA0-013A-484A-A802-77A6074B2B6D}.Debug|x64.ActiveCfg = Debug|Any CPU
		{408BDFA0-013A-484A-A802-77A6074B2B6D}.Debug|x64.Build.0 = Debug|Any CPU
		{408BDFA0-013A-484A-A802-77A6074B2B6D}.Debug|x86.ActiveCfg = Debug|Any CPU
		{408BDFA0-013A-484A-A802-77A6074B2B6D}.Debug|x86.Build.0 = Debug|Any CPU
		{408BDFA0-013A-484A-A802-77A6074B2B6D}.Release|Any CPU.ActiveCfg = Release|Any CPU
		{408BDFA0-013A-484A-A802-77A6074B2B6D}.Release|Any CPU.Build.0 = Release|Any CPU
		{408BDFA0-013A-484A-A802-77A6074B2B6D}.Release|x64.ActiveCfg = Release|Any CPU
		{408BDFA0-013A-484A-A802-77A6074B2B6D}.Release|x64.Build.0 = Release|Any CPU
		{408BDFA0-013A-484A-A802-77A6074B2B6D}.Release|x86.ActiveCfg = Release|Any CPU
		{408BDFA0-013A-484A-A802-77A6074B2B6D}.Release|x86.Build.0 = Release|Any CPU
		{BAC4B9FA-6DDF-475C-A74D-CE352836C801}.Debug|Any CPU.ActiveCfg = Debug|Any CPU
		{BAC4B9FA-6DDF-475C-A74D-CE352836C801}.Debug|Any CPU.Build.0 = Debug|Any CPU
		{BAC4B9FA-6DDF-475C-A74D-CE352836C801}.Debug|x64.ActiveCfg = Debug|Any CPU
		{BAC4B9FA-6DDF-475C-A74D-CE352836C801}.Debug|x64.Build.0 = Debug|Any CPU
		{BAC4B9FA-6DDF-475C-A74D-CE352836C801}.Debug|x86.ActiveCfg = Debug|Any CPU
		{BAC4B9FA-6DDF-475C-A74D-CE352836C801}.Debug|x86.Build.0 = Debug|Any CPU
		{BAC4B9FA-6DDF-475C-A74D-CE352836C801}.Release|Any CPU.ActiveCfg = Release|Any CPU
		{BAC4B9FA-6DDF-475C-A74D-CE352836C801}.Release|Any CPU.Build.0 = Release|Any CPU
		{BAC4B9FA-6DDF-475C-A74D-CE352836C801}.Release|x64.ActiveCfg = Release|Any CPU
		{BAC4B9FA-6DDF-475C-A74D-CE352836C801}.Release|x64.Build.0 = Release|Any CPU
		{BAC4B9FA-6DDF-475C-A74D-CE352836C801}.Release|x86.ActiveCfg = Release|Any CPU
		{BAC4B9FA-6DDF-475C-A74D-CE352836C801}.Release|x86.Build.0 = Release|Any CPU
		{84E80C19-B972-498B-804D-CC4CB6894C19}.Debug|Any CPU.ActiveCfg = Debug|Any CPU
		{84E80C19-B972-498B-804D-CC4CB6894C19}.Debug|Any CPU.Build.0 = Debug|Any CPU
		{84E80C19-B972-498B-804D-CC4CB6894C19}.Debug|x64.ActiveCfg = Debug|Any CPU
		{84E80C19-B972-498B-804D-CC4CB6894C19}.Debug|x64.Build.0 = Debug|Any CPU
		{84E80C19-B972-498B-804D-CC4CB6894C19}.Debug|x86.ActiveCfg = Debug|Any CPU
		{84E80C19-B972-498B-804D-CC4CB6894C19}.Debug|x86.Build.0 = Debug|Any CPU
		{84E80C19-B972-498B-804D-CC4CB6894C19}.Release|Any CPU.ActiveCfg = Release|Any CPU
		{84E80C19-B972-498B-804D-CC4CB6894C19}.Release|Any CPU.Build.0 = Release|Any CPU
		{84E80C19-B972-498B-804D-CC4CB6894C19}.Release|x64.ActiveCfg = Release|Any CPU
		{84E80C19-B972-498B-804D-CC4CB6894C19}.Release|x64.Build.0 = Release|Any CPU
		{84E80C19-B972-498B-804D-CC4CB6894C19}.Release|x86.ActiveCfg = Release|Any CPU
		{84E80C19-B972-498B-804D-CC4CB6894C19}.Release|x86.Build.0 = Release|Any CPU
		{B3AD134C-046D-4142-95A1-C0599B03112B}.Debug|Any CPU.ActiveCfg = Debug|Any CPU
		{B3AD134C-046D-4142-95A1-C0599B03112B}.Debug|Any CPU.Build.0 = Debug|Any CPU
		{B3AD134C-046D-4142-95A1-C0599B03112B}.Debug|x64.ActiveCfg = Debug|Any CPU
		{B3AD134C-046D-4142-95A1-C0599B03112B}.Debug|x64.Build.0 = Debug|Any CPU
		{B3AD134C-046D-4142-95A1-C0599B03112B}.Debug|x86.ActiveCfg = Debug|Any CPU
		{B3AD134C-046D-4142-95A1-C0599B03112B}.Debug|x86.Build.0 = Debug|Any CPU
		{B3AD134C-046D-4142-95A1-C0599B03112B}.Release|Any CPU.ActiveCfg = Release|Any CPU
		{B3AD134C-046D-4142-95A1-C0599B03112B}.Release|Any CPU.Build.0 = Release|Any CPU
		{B3AD134C-046D-4142-95A1-C0599B03112B}.Release|x64.ActiveCfg = Release|Any CPU
		{B3AD134C-046D-4142-95A1-C0599B03112B}.Release|x64.Build.0 = Release|Any CPU
		{B3AD134C-046D-4142-95A1-C0599B03112B}.Release|x86.ActiveCfg = Release|Any CPU
		{B3AD134C-046D-4142-95A1-C0599B03112B}.Release|x86.Build.0 = Release|Any CPU
		{D309F9B8-444F-42A2-B254-C15297602E99}.Debug|Any CPU.ActiveCfg = Debug|Any CPU
		{D309F9B8-444F-42A2-B254-C15297602E99}.Debug|Any CPU.Build.0 = Debug|Any CPU
		{D309F9B8-444F-42A2-B254-C15297602E99}.Debug|x64.ActiveCfg = Debug|Any CPU
		{D309F9B8-444F-42A2-B254-C15297602E99}.Debug|x64.Build.0 = Debug|Any CPU
		{D309F9B8-444F-42A2-B254-C15297602E99}.Debug|x86.ActiveCfg = Debug|Any CPU
		{D309F9B8-444F-42A2-B254-C15297602E99}.Debug|x86.Build.0 = Debug|Any CPU
		{D309F9B8-444F-42A2-B254-C15297602E99}.Release|Any CPU.ActiveCfg = Release|Any CPU
		{D309F9B8-444F-42A2-B254-C15297602E99}.Release|Any CPU.Build.0 = Release|Any CPU
		{D309F9B8-444F-42A2-B254-C15297602E99}.Release|x64.ActiveCfg = Release|Any CPU
		{D309F9B8-444F-42A2-B254-C15297602E99}.Release|x64.Build.0 = Release|Any CPU
		{D309F9B8-444F-42A2-B254-C15297602E99}.Release|x86.ActiveCfg = Release|Any CPU
		{D309F9B8-444F-42A2-B254-C15297602E99}.Release|x86.Build.0 = Release|Any CPU
		{E2F4B19B-65AA-4D27-8319-58448E8C0E47}.Debug|Any CPU.ActiveCfg = Debug|Any CPU
		{E2F4B19B-65AA-4D27-8319-58448E8C0E47}.Debug|Any CPU.Build.0 = Debug|Any CPU
		{E2F4B19B-65AA-4D27-8319-58448E8C0E47}.Debug|x64.ActiveCfg = Debug|Any CPU
		{E2F4B19B-65AA-4D27-8319-58448E8C0E47}.Debug|x64.Build.0 = Debug|Any CPU
		{E2F4B19B-65AA-4D27-8319-58448E8C0E47}.Debug|x86.ActiveCfg = Debug|Any CPU
		{E2F4B19B-65AA-4D27-8319-58448E8C0E47}.Debug|x86.Build.0 = Debug|Any CPU
		{E2F4B19B-65AA-4D27-8319-58448E8C0E47}.Release|Any CPU.ActiveCfg = Release|Any CPU
		{E2F4B19B-65AA-4D27-8319-58448E8C0E47}.Release|Any CPU.Build.0 = Release|Any CPU
		{E2F4B19B-65AA-4D27-8319-58448E8C0E47}.Release|x64.ActiveCfg = Release|Any CPU
		{E2F4B19B-65AA-4D27-8319-58448E8C0E47}.Release|x64.Build.0 = Release|Any CPU
		{E2F4B19B-65AA-4D27-8319-58448E8C0E47}.Release|x86.ActiveCfg = Release|Any CPU
		{E2F4B19B-65AA-4D27-8319-58448E8C0E47}.Release|x86.Build.0 = Release|Any CPU
		{41A4D7E4-06DD-4E89-A052-D5DC46D8D073}.Debug|Any CPU.ActiveCfg = Debug|Any CPU
		{41A4D7E4-06DD-4E89-A052-D5DC46D8D073}.Debug|Any CPU.Build.0 = Debug|Any CPU
		{41A4D7E4-06DD-4E89-A052-D5DC46D8D073}.Debug|x64.ActiveCfg = Debug|Any CPU
		{41A4D7E4-06DD-4E89-A052-D5DC46D8D073}.Debug|x64.Build.0 = Debug|Any CPU
		{41A4D7E4-06DD-4E89-A052-D5DC46D8D073}.Debug|x86.ActiveCfg = Debug|Any CPU
		{41A4D7E4-06DD-4E89-A052-D5DC46D8D073}.Debug|x86.Build.0 = Debug|Any CPU
		{41A4D7E4-06DD-4E89-A052-D5DC46D8D073}.Release|Any CPU.ActiveCfg = Release|Any CPU
		{41A4D7E4-06DD-4E89-A052-D5DC46D8D073}.Release|Any CPU.Build.0 = Release|Any CPU
		{41A4D7E4-06DD-4E89-A052-D5DC46D8D073}.Release|x64.ActiveCfg = Release|Any CPU
		{41A4D7E4-06DD-4E89-A052-D5DC46D8D073}.Release|x64.Build.0 = Release|Any CPU
		{41A4D7E4-06DD-4E89-A052-D5DC46D8D073}.Release|x86.ActiveCfg = Release|Any CPU
		{41A4D7E4-06DD-4E89-A052-D5DC46D8D073}.Release|x86.Build.0 = Release|Any CPU
		{7B712EF8-0E6F-4F14-972D-51518C355D44}.Debug|Any CPU.ActiveCfg = Debug|Any CPU
		{7B712EF8-0E6F-4F14-972D-51518C355D44}.Debug|Any CPU.Build.0 = Debug|Any CPU
		{7B712EF8-0E6F-4F14-972D-51518C355D44}.Debug|x64.ActiveCfg = Debug|Any CPU
		{7B712EF8-0E6F-4F14-972D-51518C355D44}.Debug|x64.Build.0 = Debug|Any CPU
		{7B712EF8-0E6F-4F14-972D-51518C355D44}.Debug|x86.ActiveCfg = Debug|Any CPU
		{7B712EF8-0E6F-4F14-972D-51518C355D44}.Debug|x86.Build.0 = Debug|Any CPU
		{7B712EF8-0E6F-4F14-972D-51518C355D44}.Release|Any CPU.ActiveCfg = Release|Any CPU
		{7B712EF8-0E6F-4F14-972D-51518C355D44}.Release|Any CPU.Build.0 = Release|Any CPU
		{7B712EF8-0E6F-4F14-972D-51518C355D44}.Release|x64.ActiveCfg = Release|Any CPU
		{7B712EF8-0E6F-4F14-972D-51518C355D44}.Release|x64.Build.0 = Release|Any CPU
		{7B712EF8-0E6F-4F14-972D-51518C355D44}.Release|x86.ActiveCfg = Release|Any CPU
		{7B712EF8-0E6F-4F14-972D-51518C355D44}.Release|x86.Build.0 = Release|Any CPU
		{8F559351-871D-44A0-8D99-6CE7C83D7001}.Debug|Any CPU.ActiveCfg = Debug|Any CPU
		{8F559351-871D-44A0-8D99-6CE7C83D7001}.Debug|Any CPU.Build.0 = Debug|Any CPU
		{8F559351-871D-44A0-8D99-6CE7C83D7001}.Debug|x64.ActiveCfg = Debug|Any CPU
		{8F559351-871D-44A0-8D99-6CE7C83D7001}.Debug|x64.Build.0 = Debug|Any CPU
		{8F559351-871D-44A0-8D99-6CE7C83D7001}.Debug|x86.ActiveCfg = Debug|Any CPU
		{8F559351-871D-44A0-8D99-6CE7C83D7001}.Debug|x86.Build.0 = Debug|Any CPU
		{8F559351-871D-44A0-8D99-6CE7C83D7001}.Release|Any CPU.ActiveCfg = Release|Any CPU
		{8F559351-871D-44A0-8D99-6CE7C83D7001}.Release|Any CPU.Build.0 = Release|Any CPU
		{8F559351-871D-44A0-8D99-6CE7C83D7001}.Release|x64.ActiveCfg = Release|Any CPU
		{8F559351-871D-44A0-8D99-6CE7C83D7001}.Release|x64.Build.0 = Release|Any CPU
		{8F559351-871D-44A0-8D99-6CE7C83D7001}.Release|x86.ActiveCfg = Release|Any CPU
		{8F559351-871D-44A0-8D99-6CE7C83D7001}.Release|x86.Build.0 = Release|Any CPU
		{B26A0B2F-7288-4C1F-AE3F-C8742C534876}.Debug|Any CPU.ActiveCfg = Debug|Any CPU
		{B26A0B2F-7288-4C1F-AE3F-C8742C534876}.Debug|Any CPU.Build.0 = Debug|Any CPU
		{B26A0B2F-7288-4C1F-AE3F-C8742C534876}.Debug|x64.ActiveCfg = Debug|Any CPU
		{B26A0B2F-7288-4C1F-AE3F-C8742C534876}.Debug|x64.Build.0 = Debug|Any CPU
		{B26A0B2F-7288-4C1F-AE3F-C8742C534876}.Debug|x86.ActiveCfg = Debug|Any CPU
		{B26A0B2F-7288-4C1F-AE3F-C8742C534876}.Debug|x86.Build.0 = Debug|Any CPU
		{B26A0B2F-7288-4C1F-AE3F-C8742C534876}.Release|Any CPU.ActiveCfg = Release|Any CPU
		{B26A0B2F-7288-4C1F-AE3F-C8742C534876}.Release|Any CPU.Build.0 = Release|Any CPU
		{B26A0B2F-7288-4C1F-AE3F-C8742C534876}.Release|x64.ActiveCfg = Release|Any CPU
		{B26A0B2F-7288-4C1F-AE3F-C8742C534876}.Release|x64.Build.0 = Release|Any CPU
		{B26A0B2F-7288-4C1F-AE3F-C8742C534876}.Release|x86.ActiveCfg = Release|Any CPU
		{B26A0B2F-7288-4C1F-AE3F-C8742C534876}.Release|x86.Build.0 = Release|Any CPU
		{1597A91E-2EAD-4E6E-BA67-1EAFA7182300}.Debug|Any CPU.ActiveCfg = Debug|Any CPU
		{1597A91E-2EAD-4E6E-BA67-1EAFA7182300}.Debug|Any CPU.Build.0 = Debug|Any CPU
		{1597A91E-2EAD-4E6E-BA67-1EAFA7182300}.Debug|x64.ActiveCfg = Debug|Any CPU
		{1597A91E-2EAD-4E6E-BA67-1EAFA7182300}.Debug|x64.Build.0 = Debug|Any CPU
		{1597A91E-2EAD-4E6E-BA67-1EAFA7182300}.Debug|x86.ActiveCfg = Debug|Any CPU
		{1597A91E-2EAD-4E6E-BA67-1EAFA7182300}.Debug|x86.Build.0 = Debug|Any CPU
		{1597A91E-2EAD-4E6E-BA67-1EAFA7182300}.Release|Any CPU.ActiveCfg = Release|Any CPU
		{1597A91E-2EAD-4E6E-BA67-1EAFA7182300}.Release|Any CPU.Build.0 = Release|Any CPU
		{1597A91E-2EAD-4E6E-BA67-1EAFA7182300}.Release|x64.ActiveCfg = Release|Any CPU
		{1597A91E-2EAD-4E6E-BA67-1EAFA7182300}.Release|x64.Build.0 = Release|Any CPU
		{1597A91E-2EAD-4E6E-BA67-1EAFA7182300}.Release|x86.ActiveCfg = Release|Any CPU
		{1597A91E-2EAD-4E6E-BA67-1EAFA7182300}.Release|x86.Build.0 = Release|Any CPU
		{2055AE1E-5F31-4AB4-91ED-369E4D248596}.Debug|Any CPU.ActiveCfg = Debug|Any CPU
		{2055AE1E-5F31-4AB4-91ED-369E4D248596}.Debug|Any CPU.Build.0 = Debug|Any CPU
		{2055AE1E-5F31-4AB4-91ED-369E4D248596}.Debug|x64.ActiveCfg = Debug|Any CPU
		{2055AE1E-5F31-4AB4-91ED-369E4D248596}.Debug|x64.Build.0 = Debug|Any CPU
		{2055AE1E-5F31-4AB4-91ED-369E4D248596}.Debug|x86.ActiveCfg = Debug|Any CPU
		{2055AE1E-5F31-4AB4-91ED-369E4D248596}.Debug|x86.Build.0 = Debug|Any CPU
		{2055AE1E-5F31-4AB4-91ED-369E4D248596}.Release|Any CPU.ActiveCfg = Release|Any CPU
		{2055AE1E-5F31-4AB4-91ED-369E4D248596}.Release|Any CPU.Build.0 = Release|Any CPU
		{2055AE1E-5F31-4AB4-91ED-369E4D248596}.Release|x64.ActiveCfg = Release|Any CPU
		{2055AE1E-5F31-4AB4-91ED-369E4D248596}.Release|x64.Build.0 = Release|Any CPU
		{2055AE1E-5F31-4AB4-91ED-369E4D248596}.Release|x86.ActiveCfg = Release|Any CPU
		{2055AE1E-5F31-4AB4-91ED-369E4D248596}.Release|x86.Build.0 = Release|Any CPU
		{3A34CCAD-D87C-433D-98BE-93925312928E}.Debug|Any CPU.ActiveCfg = Debug|Any CPU
		{3A34CCAD-D87C-433D-98BE-93925312928E}.Debug|Any CPU.Build.0 = Debug|Any CPU
		{3A34CCAD-D87C-433D-98BE-93925312928E}.Debug|x64.ActiveCfg = Debug|Any CPU
		{3A34CCAD-D87C-433D-98BE-93925312928E}.Debug|x64.Build.0 = Debug|Any CPU
		{3A34CCAD-D87C-433D-98BE-93925312928E}.Debug|x86.ActiveCfg = Debug|Any CPU
		{3A34CCAD-D87C-433D-98BE-93925312928E}.Debug|x86.Build.0 = Debug|Any CPU
		{3A34CCAD-D87C-433D-98BE-93925312928E}.Release|Any CPU.ActiveCfg = Release|Any CPU
		{3A34CCAD-D87C-433D-98BE-93925312928E}.Release|Any CPU.Build.0 = Release|Any CPU
		{3A34CCAD-D87C-433D-98BE-93925312928E}.Release|x64.ActiveCfg = Release|Any CPU
		{3A34CCAD-D87C-433D-98BE-93925312928E}.Release|x64.Build.0 = Release|Any CPU
		{3A34CCAD-D87C-433D-98BE-93925312928E}.Release|x86.ActiveCfg = Release|Any CPU
		{3A34CCAD-D87C-433D-98BE-93925312928E}.Release|x86.Build.0 = Release|Any CPU
		{BE5C02FE-FA46-4E42-B5DD-7536099DE90F}.Debug|Any CPU.ActiveCfg = Debug|Any CPU
		{BE5C02FE-FA46-4E42-B5DD-7536099DE90F}.Debug|Any CPU.Build.0 = Debug|Any CPU
		{BE5C02FE-FA46-4E42-B5DD-7536099DE90F}.Debug|x64.ActiveCfg = Debug|Any CPU
		{BE5C02FE-FA46-4E42-B5DD-7536099DE90F}.Debug|x64.Build.0 = Debug|Any CPU
		{BE5C02FE-FA46-4E42-B5DD-7536099DE90F}.Debug|x86.ActiveCfg = Debug|Any CPU
		{BE5C02FE-FA46-4E42-B5DD-7536099DE90F}.Debug|x86.Build.0 = Debug|Any CPU
		{BE5C02FE-FA46-4E42-B5DD-7536099DE90F}.Release|Any CPU.ActiveCfg = Release|Any CPU
		{BE5C02FE-FA46-4E42-B5DD-7536099DE90F}.Release|Any CPU.Build.0 = Release|Any CPU
		{BE5C02FE-FA46-4E42-B5DD-7536099DE90F}.Release|x64.ActiveCfg = Release|Any CPU
		{BE5C02FE-FA46-4E42-B5DD-7536099DE90F}.Release|x64.Build.0 = Release|Any CPU
		{BE5C02FE-FA46-4E42-B5DD-7536099DE90F}.Release|x86.ActiveCfg = Release|Any CPU
		{BE5C02FE-FA46-4E42-B5DD-7536099DE90F}.Release|x86.Build.0 = Release|Any CPU
		{CBFEB510-BA69-4689-BDE7-915D4A19DAC0}.Debug|Any CPU.ActiveCfg = Debug|Any CPU
		{CBFEB510-BA69-4689-BDE7-915D4A19DAC0}.Debug|Any CPU.Build.0 = Debug|Any CPU
		{CBFEB510-BA69-4689-BDE7-915D4A19DAC0}.Debug|x64.ActiveCfg = Debug|Any CPU
		{CBFEB510-BA69-4689-BDE7-915D4A19DAC0}.Debug|x64.Build.0 = Debug|Any CPU
		{CBFEB510-BA69-4689-BDE7-915D4A19DAC0}.Debug|x86.ActiveCfg = Debug|Any CPU
		{CBFEB510-BA69-4689-BDE7-915D4A19DAC0}.Debug|x86.Build.0 = Debug|Any CPU
		{CBFEB510-BA69-4689-BDE7-915D4A19DAC0}.Release|Any CPU.ActiveCfg = Release|Any CPU
		{CBFEB510-BA69-4689-BDE7-915D4A19DAC0}.Release|Any CPU.Build.0 = Release|Any CPU
		{CBFEB510-BA69-4689-BDE7-915D4A19DAC0}.Release|x64.ActiveCfg = Release|Any CPU
		{CBFEB510-BA69-4689-BDE7-915D4A19DAC0}.Release|x64.Build.0 = Release|Any CPU
		{CBFEB510-BA69-4689-BDE7-915D4A19DAC0}.Release|x86.ActiveCfg = Release|Any CPU
		{CBFEB510-BA69-4689-BDE7-915D4A19DAC0}.Release|x86.Build.0 = Release|Any CPU
		{8272A61A-2A16-4F60-8B53-DA1BE6939CA2}.Debug|Any CPU.ActiveCfg = Debug|Any CPU
		{8272A61A-2A16-4F60-8B53-DA1BE6939CA2}.Debug|Any CPU.Build.0 = Debug|Any CPU
		{8272A61A-2A16-4F60-8B53-DA1BE6939CA2}.Debug|x64.ActiveCfg = Debug|Any CPU
		{8272A61A-2A16-4F60-8B53-DA1BE6939CA2}.Debug|x64.Build.0 = Debug|Any CPU
		{8272A61A-2A16-4F60-8B53-DA1BE6939CA2}.Debug|x86.ActiveCfg = Debug|Any CPU
		{8272A61A-2A16-4F60-8B53-DA1BE6939CA2}.Debug|x86.Build.0 = Debug|Any CPU
		{8272A61A-2A16-4F60-8B53-DA1BE6939CA2}.Release|Any CPU.ActiveCfg = Release|Any CPU
		{8272A61A-2A16-4F60-8B53-DA1BE6939CA2}.Release|Any CPU.Build.0 = Release|Any CPU
		{8272A61A-2A16-4F60-8B53-DA1BE6939CA2}.Release|x64.ActiveCfg = Release|Any CPU
		{8272A61A-2A16-4F60-8B53-DA1BE6939CA2}.Release|x64.Build.0 = Release|Any CPU
		{8272A61A-2A16-4F60-8B53-DA1BE6939CA2}.Release|x86.ActiveCfg = Release|Any CPU
		{8272A61A-2A16-4F60-8B53-DA1BE6939CA2}.Release|x86.Build.0 = Release|Any CPU
		{69F57989-E714-4637-AD0E-EE2A7722E057}.Debug|Any CPU.ActiveCfg = Debug|Any CPU
		{69F57989-E714-4637-AD0E-EE2A7722E057}.Debug|Any CPU.Build.0 = Debug|Any CPU
		{69F57989-E714-4637-AD0E-EE2A7722E057}.Debug|x64.ActiveCfg = Debug|Any CPU
		{69F57989-E714-4637-AD0E-EE2A7722E057}.Debug|x64.Build.0 = Debug|Any CPU
		{69F57989-E714-4637-AD0E-EE2A7722E057}.Debug|x86.ActiveCfg = Debug|Any CPU
		{69F57989-E714-4637-AD0E-EE2A7722E057}.Debug|x86.Build.0 = Debug|Any CPU
		{69F57989-E714-4637-AD0E-EE2A7722E057}.Release|Any CPU.ActiveCfg = Release|Any CPU
		{69F57989-E714-4637-AD0E-EE2A7722E057}.Release|Any CPU.Build.0 = Release|Any CPU
		{69F57989-E714-4637-AD0E-EE2A7722E057}.Release|x64.ActiveCfg = Release|Any CPU
		{69F57989-E714-4637-AD0E-EE2A7722E057}.Release|x64.Build.0 = Release|Any CPU
		{69F57989-E714-4637-AD0E-EE2A7722E057}.Release|x86.ActiveCfg = Release|Any CPU
		{69F57989-E714-4637-AD0E-EE2A7722E057}.Release|x86.Build.0 = Release|Any CPU
		{764CF3C5-F85B-4E50-8AD0-979810B3C5C0}.Debug|Any CPU.ActiveCfg = Debug|Any CPU
		{764CF3C5-F85B-4E50-8AD0-979810B3C5C0}.Debug|Any CPU.Build.0 = Debug|Any CPU
		{764CF3C5-F85B-4E50-8AD0-979810B3C5C0}.Debug|x64.ActiveCfg = Debug|Any CPU
		{764CF3C5-F85B-4E50-8AD0-979810B3C5C0}.Debug|x64.Build.0 = Debug|Any CPU
		{764CF3C5-F85B-4E50-8AD0-979810B3C5C0}.Debug|x86.ActiveCfg = Debug|Any CPU
		{764CF3C5-F85B-4E50-8AD0-979810B3C5C0}.Debug|x86.Build.0 = Debug|Any CPU
		{764CF3C5-F85B-4E50-8AD0-979810B3C5C0}.Release|Any CPU.ActiveCfg = Release|Any CPU
		{764CF3C5-F85B-4E50-8AD0-979810B3C5C0}.Release|Any CPU.Build.0 = Release|Any CPU
		{764CF3C5-F85B-4E50-8AD0-979810B3C5C0}.Release|x64.ActiveCfg = Release|Any CPU
		{764CF3C5-F85B-4E50-8AD0-979810B3C5C0}.Release|x64.Build.0 = Release|Any CPU
		{764CF3C5-F85B-4E50-8AD0-979810B3C5C0}.Release|x86.ActiveCfg = Release|Any CPU
		{764CF3C5-F85B-4E50-8AD0-979810B3C5C0}.Release|x86.Build.0 = Release|Any CPU
		{85702483-4E91-4A27-93B5-6135804A32E3}.Debug|Any CPU.ActiveCfg = Debug|Any CPU
		{85702483-4E91-4A27-93B5-6135804A32E3}.Debug|Any CPU.Build.0 = Debug|Any CPU
		{85702483-4E91-4A27-93B5-6135804A32E3}.Debug|x64.ActiveCfg = Debug|Any CPU
		{85702483-4E91-4A27-93B5-6135804A32E3}.Debug|x64.Build.0 = Debug|Any CPU
		{85702483-4E91-4A27-93B5-6135804A32E3}.Debug|x86.ActiveCfg = Debug|Any CPU
		{85702483-4E91-4A27-93B5-6135804A32E3}.Debug|x86.Build.0 = Debug|Any CPU
		{85702483-4E91-4A27-93B5-6135804A32E3}.Release|Any CPU.ActiveCfg = Release|Any CPU
		{85702483-4E91-4A27-93B5-6135804A32E3}.Release|Any CPU.Build.0 = Release|Any CPU
		{85702483-4E91-4A27-93B5-6135804A32E3}.Release|x64.ActiveCfg = Release|Any CPU
		{85702483-4E91-4A27-93B5-6135804A32E3}.Release|x64.Build.0 = Release|Any CPU
		{85702483-4E91-4A27-93B5-6135804A32E3}.Release|x86.ActiveCfg = Release|Any CPU
		{85702483-4E91-4A27-93B5-6135804A32E3}.Release|x86.Build.0 = Release|Any CPU
		{FE097BA9-9C80-488F-BF14-EF29C76774B1}.Debug|Any CPU.ActiveCfg = Debug|Any CPU
		{FE097BA9-9C80-488F-BF14-EF29C76774B1}.Debug|Any CPU.Build.0 = Debug|Any CPU
		{FE097BA9-9C80-488F-BF14-EF29C76774B1}.Debug|x64.ActiveCfg = Debug|Any CPU
		{FE097BA9-9C80-488F-BF14-EF29C76774B1}.Debug|x64.Build.0 = Debug|Any CPU
		{FE097BA9-9C80-488F-BF14-EF29C76774B1}.Debug|x86.ActiveCfg = Debug|Any CPU
		{FE097BA9-9C80-488F-BF14-EF29C76774B1}.Debug|x86.Build.0 = Debug|Any CPU
		{FE097BA9-9C80-488F-BF14-EF29C76774B1}.Release|Any CPU.ActiveCfg = Release|Any CPU
		{FE097BA9-9C80-488F-BF14-EF29C76774B1}.Release|Any CPU.Build.0 = Release|Any CPU
		{FE097BA9-9C80-488F-BF14-EF29C76774B1}.Release|x64.ActiveCfg = Release|Any CPU
		{FE097BA9-9C80-488F-BF14-EF29C76774B1}.Release|x64.Build.0 = Release|Any CPU
		{FE097BA9-9C80-488F-BF14-EF29C76774B1}.Release|x86.ActiveCfg = Release|Any CPU
		{FE097BA9-9C80-488F-BF14-EF29C76774B1}.Release|x86.Build.0 = Release|Any CPU
		{CC8F5B01-01C9-47D8-9E79-42904ED64A11}.Debug|Any CPU.ActiveCfg = Debug|Any CPU
		{CC8F5B01-01C9-47D8-9E79-42904ED64A11}.Debug|Any CPU.Build.0 = Debug|Any CPU
		{CC8F5B01-01C9-47D8-9E79-42904ED64A11}.Debug|x64.ActiveCfg = Debug|Any CPU
		{CC8F5B01-01C9-47D8-9E79-42904ED64A11}.Debug|x64.Build.0 = Debug|Any CPU
		{CC8F5B01-01C9-47D8-9E79-42904ED64A11}.Debug|x86.ActiveCfg = Debug|Any CPU
		{CC8F5B01-01C9-47D8-9E79-42904ED64A11}.Debug|x86.Build.0 = Debug|Any CPU
		{CC8F5B01-01C9-47D8-9E79-42904ED64A11}.Release|Any CPU.ActiveCfg = Release|Any CPU
		{CC8F5B01-01C9-47D8-9E79-42904ED64A11}.Release|Any CPU.Build.0 = Release|Any CPU
		{CC8F5B01-01C9-47D8-9E79-42904ED64A11}.Release|x64.ActiveCfg = Release|Any CPU
		{CC8F5B01-01C9-47D8-9E79-42904ED64A11}.Release|x64.Build.0 = Release|Any CPU
		{CC8F5B01-01C9-47D8-9E79-42904ED64A11}.Release|x86.ActiveCfg = Release|Any CPU
		{CC8F5B01-01C9-47D8-9E79-42904ED64A11}.Release|x86.Build.0 = Release|Any CPU
		{8A1292F3-0226-47E8-841E-BFA6CA9B06FB}.Debug|Any CPU.ActiveCfg = Debug|Any CPU
		{8A1292F3-0226-47E8-841E-BFA6CA9B06FB}.Debug|Any CPU.Build.0 = Debug|Any CPU
		{8A1292F3-0226-47E8-841E-BFA6CA9B06FB}.Debug|x64.ActiveCfg = Debug|Any CPU
		{8A1292F3-0226-47E8-841E-BFA6CA9B06FB}.Debug|x64.Build.0 = Debug|Any CPU
		{8A1292F3-0226-47E8-841E-BFA6CA9B06FB}.Debug|x86.ActiveCfg = Debug|Any CPU
		{8A1292F3-0226-47E8-841E-BFA6CA9B06FB}.Debug|x86.Build.0 = Debug|Any CPU
		{8A1292F3-0226-47E8-841E-BFA6CA9B06FB}.Release|Any CPU.ActiveCfg = Release|Any CPU
		{8A1292F3-0226-47E8-841E-BFA6CA9B06FB}.Release|Any CPU.Build.0 = Release|Any CPU
		{8A1292F3-0226-47E8-841E-BFA6CA9B06FB}.Release|x64.ActiveCfg = Release|Any CPU
		{8A1292F3-0226-47E8-841E-BFA6CA9B06FB}.Release|x64.Build.0 = Release|Any CPU
		{8A1292F3-0226-47E8-841E-BFA6CA9B06FB}.Release|x86.ActiveCfg = Release|Any CPU
		{8A1292F3-0226-47E8-841E-BFA6CA9B06FB}.Release|x86.Build.0 = Release|Any CPU
		{80F7D2C1-BC93-4485-A939-FE22DDDE82CC}.Debug|Any CPU.ActiveCfg = Debug|Any CPU
		{80F7D2C1-BC93-4485-A939-FE22DDDE82CC}.Debug|Any CPU.Build.0 = Debug|Any CPU
		{80F7D2C1-BC93-4485-A939-FE22DDDE82CC}.Debug|x64.ActiveCfg = Debug|Any CPU
		{80F7D2C1-BC93-4485-A939-FE22DDDE82CC}.Debug|x64.Build.0 = Debug|Any CPU
		{80F7D2C1-BC93-4485-A939-FE22DDDE82CC}.Debug|x86.ActiveCfg = Debug|Any CPU
		{80F7D2C1-BC93-4485-A939-FE22DDDE82CC}.Debug|x86.Build.0 = Debug|Any CPU
		{80F7D2C1-BC93-4485-A939-FE22DDDE82CC}.Release|Any CPU.ActiveCfg = Release|Any CPU
		{80F7D2C1-BC93-4485-A939-FE22DDDE82CC}.Release|Any CPU.Build.0 = Release|Any CPU
		{80F7D2C1-BC93-4485-A939-FE22DDDE82CC}.Release|x64.ActiveCfg = Release|Any CPU
		{80F7D2C1-BC93-4485-A939-FE22DDDE82CC}.Release|x64.Build.0 = Release|Any CPU
		{80F7D2C1-BC93-4485-A939-FE22DDDE82CC}.Release|x86.ActiveCfg = Release|Any CPU
		{80F7D2C1-BC93-4485-A939-FE22DDDE82CC}.Release|x86.Build.0 = Release|Any CPU
		{1079E8FE-98F7-4F78-B533-41C39AF9F858}.Debug|Any CPU.ActiveCfg = Debug|Any CPU
		{1079E8FE-98F7-4F78-B533-41C39AF9F858}.Debug|Any CPU.Build.0 = Debug|Any CPU
		{1079E8FE-98F7-4F78-B533-41C39AF9F858}.Debug|x64.ActiveCfg = Debug|Any CPU
		{1079E8FE-98F7-4F78-B533-41C39AF9F858}.Debug|x64.Build.0 = Debug|Any CPU
		{1079E8FE-98F7-4F78-B533-41C39AF9F858}.Debug|x86.ActiveCfg = Debug|Any CPU
		{1079E8FE-98F7-4F78-B533-41C39AF9F858}.Debug|x86.Build.0 = Debug|Any CPU
		{1079E8FE-98F7-4F78-B533-41C39AF9F858}.Release|Any CPU.ActiveCfg = Release|Any CPU
		{1079E8FE-98F7-4F78-B533-41C39AF9F858}.Release|Any CPU.Build.0 = Release|Any CPU
		{1079E8FE-98F7-4F78-B533-41C39AF9F858}.Release|x64.ActiveCfg = Release|Any CPU
		{1079E8FE-98F7-4F78-B533-41C39AF9F858}.Release|x64.Build.0 = Release|Any CPU
		{1079E8FE-98F7-4F78-B533-41C39AF9F858}.Release|x86.ActiveCfg = Release|Any CPU
		{1079E8FE-98F7-4F78-B533-41C39AF9F858}.Release|x86.Build.0 = Release|Any CPU
		{D7E80AF1-D176-4BE7-AFC8-F43951152B7A}.Debug|Any CPU.ActiveCfg = Debug|Any CPU
		{D7E80AF1-D176-4BE7-AFC8-F43951152B7A}.Debug|Any CPU.Build.0 = Debug|Any CPU
		{D7E80AF1-D176-4BE7-AFC8-F43951152B7A}.Debug|x64.ActiveCfg = Debug|Any CPU
		{D7E80AF1-D176-4BE7-AFC8-F43951152B7A}.Debug|x64.Build.0 = Debug|Any CPU
		{D7E80AF1-D176-4BE7-AFC8-F43951152B7A}.Debug|x86.ActiveCfg = Debug|Any CPU
		{D7E80AF1-D176-4BE7-AFC8-F43951152B7A}.Debug|x86.Build.0 = Debug|Any CPU
		{D7E80AF1-D176-4BE7-AFC8-F43951152B7A}.Release|Any CPU.ActiveCfg = Release|Any CPU
		{D7E80AF1-D176-4BE7-AFC8-F43951152B7A}.Release|Any CPU.Build.0 = Release|Any CPU
		{D7E80AF1-D176-4BE7-AFC8-F43951152B7A}.Release|x64.ActiveCfg = Release|Any CPU
		{D7E80AF1-D176-4BE7-AFC8-F43951152B7A}.Release|x64.Build.0 = Release|Any CPU
		{D7E80AF1-D176-4BE7-AFC8-F43951152B7A}.Release|x86.ActiveCfg = Release|Any CPU
		{D7E80AF1-D176-4BE7-AFC8-F43951152B7A}.Release|x86.Build.0 = Release|Any CPU
		{B9EB2BAB-D189-4176-A64B-B7A2204CEBAD}.Debug|Any CPU.ActiveCfg = Debug|Any CPU
		{B9EB2BAB-D189-4176-A64B-B7A2204CEBAD}.Debug|Any CPU.Build.0 = Debug|Any CPU
		{B9EB2BAB-D189-4176-A64B-B7A2204CEBAD}.Debug|x64.ActiveCfg = Debug|Any CPU
		{B9EB2BAB-D189-4176-A64B-B7A2204CEBAD}.Debug|x64.Build.0 = Debug|Any CPU
		{B9EB2BAB-D189-4176-A64B-B7A2204CEBAD}.Debug|x86.ActiveCfg = Debug|Any CPU
		{B9EB2BAB-D189-4176-A64B-B7A2204CEBAD}.Debug|x86.Build.0 = Debug|Any CPU
		{B9EB2BAB-D189-4176-A64B-B7A2204CEBAD}.Release|Any CPU.ActiveCfg = Release|Any CPU
		{B9EB2BAB-D189-4176-A64B-B7A2204CEBAD}.Release|Any CPU.Build.0 = Release|Any CPU
		{B9EB2BAB-D189-4176-A64B-B7A2204CEBAD}.Release|x64.ActiveCfg = Release|Any CPU
		{B9EB2BAB-D189-4176-A64B-B7A2204CEBAD}.Release|x64.Build.0 = Release|Any CPU
		{B9EB2BAB-D189-4176-A64B-B7A2204CEBAD}.Release|x86.ActiveCfg = Release|Any CPU
		{B9EB2BAB-D189-4176-A64B-B7A2204CEBAD}.Release|x86.Build.0 = Release|Any CPU
		{1C75A3CB-54E2-46FD-8FBD-62F2BE88434B}.Debug|Any CPU.ActiveCfg = Debug|Any CPU
		{1C75A3CB-54E2-46FD-8FBD-62F2BE88434B}.Debug|Any CPU.Build.0 = Debug|Any CPU
		{1C75A3CB-54E2-46FD-8FBD-62F2BE88434B}.Debug|x64.ActiveCfg = Debug|Any CPU
		{1C75A3CB-54E2-46FD-8FBD-62F2BE88434B}.Debug|x64.Build.0 = Debug|Any CPU
		{1C75A3CB-54E2-46FD-8FBD-62F2BE88434B}.Debug|x86.ActiveCfg = Debug|Any CPU
		{1C75A3CB-54E2-46FD-8FBD-62F2BE88434B}.Debug|x86.Build.0 = Debug|Any CPU
		{1C75A3CB-54E2-46FD-8FBD-62F2BE88434B}.Release|Any CPU.ActiveCfg = Release|Any CPU
		{1C75A3CB-54E2-46FD-8FBD-62F2BE88434B}.Release|Any CPU.Build.0 = Release|Any CPU
		{1C75A3CB-54E2-46FD-8FBD-62F2BE88434B}.Release|x64.ActiveCfg = Release|Any CPU
		{1C75A3CB-54E2-46FD-8FBD-62F2BE88434B}.Release|x64.Build.0 = Release|Any CPU
		{1C75A3CB-54E2-46FD-8FBD-62F2BE88434B}.Release|x86.ActiveCfg = Release|Any CPU
		{1C75A3CB-54E2-46FD-8FBD-62F2BE88434B}.Release|x86.Build.0 = Release|Any CPU
		{46866C49-CBD2-4A5E-8197-A987BB114579}.Debug|Any CPU.ActiveCfg = Debug|Any CPU
		{46866C49-CBD2-4A5E-8197-A987BB114579}.Debug|Any CPU.Build.0 = Debug|Any CPU
		{46866C49-CBD2-4A5E-8197-A987BB114579}.Debug|x64.ActiveCfg = Debug|Any CPU
		{46866C49-CBD2-4A5E-8197-A987BB114579}.Debug|x64.Build.0 = Debug|Any CPU
		{46866C49-CBD2-4A5E-8197-A987BB114579}.Debug|x86.ActiveCfg = Debug|Any CPU
		{46866C49-CBD2-4A5E-8197-A987BB114579}.Debug|x86.Build.0 = Debug|Any CPU
		{46866C49-CBD2-4A5E-8197-A987BB114579}.Release|Any CPU.ActiveCfg = Release|Any CPU
		{46866C49-CBD2-4A5E-8197-A987BB114579}.Release|Any CPU.Build.0 = Release|Any CPU
		{46866C49-CBD2-4A5E-8197-A987BB114579}.Release|x64.ActiveCfg = Release|Any CPU
		{46866C49-CBD2-4A5E-8197-A987BB114579}.Release|x64.Build.0 = Release|Any CPU
		{46866C49-CBD2-4A5E-8197-A987BB114579}.Release|x86.ActiveCfg = Release|Any CPU
		{46866C49-CBD2-4A5E-8197-A987BB114579}.Release|x86.Build.0 = Release|Any CPU
		{974E0770-B03C-45CF-87BC-C8ED6B2A7B86}.Debug|Any CPU.ActiveCfg = Debug|Any CPU
		{974E0770-B03C-45CF-87BC-C8ED6B2A7B86}.Debug|Any CPU.Build.0 = Debug|Any CPU
		{974E0770-B03C-45CF-87BC-C8ED6B2A7B86}.Debug|x64.ActiveCfg = Debug|Any CPU
		{974E0770-B03C-45CF-87BC-C8ED6B2A7B86}.Debug|x64.Build.0 = Debug|Any CPU
		{974E0770-B03C-45CF-87BC-C8ED6B2A7B86}.Debug|x86.ActiveCfg = Debug|Any CPU
		{974E0770-B03C-45CF-87BC-C8ED6B2A7B86}.Debug|x86.Build.0 = Debug|Any CPU
		{974E0770-B03C-45CF-87BC-C8ED6B2A7B86}.Release|Any CPU.ActiveCfg = Release|Any CPU
		{974E0770-B03C-45CF-87BC-C8ED6B2A7B86}.Release|Any CPU.Build.0 = Release|Any CPU
		{974E0770-B03C-45CF-87BC-C8ED6B2A7B86}.Release|x64.ActiveCfg = Release|Any CPU
		{974E0770-B03C-45CF-87BC-C8ED6B2A7B86}.Release|x64.Build.0 = Release|Any CPU
		{974E0770-B03C-45CF-87BC-C8ED6B2A7B86}.Release|x86.ActiveCfg = Release|Any CPU
		{974E0770-B03C-45CF-87BC-C8ED6B2A7B86}.Release|x86.Build.0 = Release|Any CPU
		{D565A51C-2416-421B-BF16-1041CB8293CF}.Debug|Any CPU.ActiveCfg = Debug|Any CPU
		{D565A51C-2416-421B-BF16-1041CB8293CF}.Debug|Any CPU.Build.0 = Debug|Any CPU
		{D565A51C-2416-421B-BF16-1041CB8293CF}.Debug|x64.ActiveCfg = Debug|Any CPU
		{D565A51C-2416-421B-BF16-1041CB8293CF}.Debug|x64.Build.0 = Debug|Any CPU
		{D565A51C-2416-421B-BF16-1041CB8293CF}.Debug|x86.ActiveCfg = Debug|Any CPU
		{D565A51C-2416-421B-BF16-1041CB8293CF}.Debug|x86.Build.0 = Debug|Any CPU
		{D565A51C-2416-421B-BF16-1041CB8293CF}.Release|Any CPU.ActiveCfg = Release|Any CPU
		{D565A51C-2416-421B-BF16-1041CB8293CF}.Release|Any CPU.Build.0 = Release|Any CPU
		{D565A51C-2416-421B-BF16-1041CB8293CF}.Release|x64.ActiveCfg = Release|Any CPU
		{D565A51C-2416-421B-BF16-1041CB8293CF}.Release|x64.Build.0 = Release|Any CPU
		{D565A51C-2416-421B-BF16-1041CB8293CF}.Release|x86.ActiveCfg = Release|Any CPU
		{D565A51C-2416-421B-BF16-1041CB8293CF}.Release|x86.Build.0 = Release|Any CPU
		{792C00DD-97C0-453D-A6C2-CA1061B68A5C}.Debug|Any CPU.ActiveCfg = Debug|Any CPU
		{792C00DD-97C0-453D-A6C2-CA1061B68A5C}.Debug|Any CPU.Build.0 = Debug|Any CPU
		{792C00DD-97C0-453D-A6C2-CA1061B68A5C}.Debug|x64.ActiveCfg = Debug|Any CPU
		{792C00DD-97C0-453D-A6C2-CA1061B68A5C}.Debug|x64.Build.0 = Debug|Any CPU
		{792C00DD-97C0-453D-A6C2-CA1061B68A5C}.Debug|x86.ActiveCfg = Debug|Any CPU
		{792C00DD-97C0-453D-A6C2-CA1061B68A5C}.Debug|x86.Build.0 = Debug|Any CPU
		{792C00DD-97C0-453D-A6C2-CA1061B68A5C}.Release|Any CPU.ActiveCfg = Release|Any CPU
		{792C00DD-97C0-453D-A6C2-CA1061B68A5C}.Release|Any CPU.Build.0 = Release|Any CPU
		{792C00DD-97C0-453D-A6C2-CA1061B68A5C}.Release|x64.ActiveCfg = Release|Any CPU
		{792C00DD-97C0-453D-A6C2-CA1061B68A5C}.Release|x64.Build.0 = Release|Any CPU
		{792C00DD-97C0-453D-A6C2-CA1061B68A5C}.Release|x86.ActiveCfg = Release|Any CPU
		{792C00DD-97C0-453D-A6C2-CA1061B68A5C}.Release|x86.Build.0 = Release|Any CPU
		{B7339F51-E9D7-439B-A148-8B009FA5AE50}.Debug|Any CPU.ActiveCfg = Debug|Any CPU
		{B7339F51-E9D7-439B-A148-8B009FA5AE50}.Debug|Any CPU.Build.0 = Debug|Any CPU
		{B7339F51-E9D7-439B-A148-8B009FA5AE50}.Debug|x64.ActiveCfg = Debug|Any CPU
		{B7339F51-E9D7-439B-A148-8B009FA5AE50}.Debug|x64.Build.0 = Debug|Any CPU
		{B7339F51-E9D7-439B-A148-8B009FA5AE50}.Debug|x86.ActiveCfg = Debug|Any CPU
		{B7339F51-E9D7-439B-A148-8B009FA5AE50}.Debug|x86.Build.0 = Debug|Any CPU
		{B7339F51-E9D7-439B-A148-8B009FA5AE50}.Release|Any CPU.ActiveCfg = Release|Any CPU
		{B7339F51-E9D7-439B-A148-8B009FA5AE50}.Release|Any CPU.Build.0 = Release|Any CPU
		{B7339F51-E9D7-439B-A148-8B009FA5AE50}.Release|x64.ActiveCfg = Release|Any CPU
		{B7339F51-E9D7-439B-A148-8B009FA5AE50}.Release|x64.Build.0 = Release|Any CPU
		{B7339F51-E9D7-439B-A148-8B009FA5AE50}.Release|x86.ActiveCfg = Release|Any CPU
		{B7339F51-E9D7-439B-A148-8B009FA5AE50}.Release|x86.Build.0 = Release|Any CPU
		{17E843F9-D28F-4801-8B4B-664EDC4F755F}.Debug|Any CPU.ActiveCfg = Debug|Any CPU
		{17E843F9-D28F-4801-8B4B-664EDC4F755F}.Debug|Any CPU.Build.0 = Debug|Any CPU
		{17E843F9-D28F-4801-8B4B-664EDC4F755F}.Debug|x64.ActiveCfg = Debug|Any CPU
		{17E843F9-D28F-4801-8B4B-664EDC4F755F}.Debug|x64.Build.0 = Debug|Any CPU
		{17E843F9-D28F-4801-8B4B-664EDC4F755F}.Debug|x86.ActiveCfg = Debug|Any CPU
		{17E843F9-D28F-4801-8B4B-664EDC4F755F}.Debug|x86.Build.0 = Debug|Any CPU
		{17E843F9-D28F-4801-8B4B-664EDC4F755F}.Release|Any CPU.ActiveCfg = Release|Any CPU
		{17E843F9-D28F-4801-8B4B-664EDC4F755F}.Release|Any CPU.Build.0 = Release|Any CPU
		{17E843F9-D28F-4801-8B4B-664EDC4F755F}.Release|x64.ActiveCfg = Release|Any CPU
		{17E843F9-D28F-4801-8B4B-664EDC4F755F}.Release|x64.Build.0 = Release|Any CPU
		{17E843F9-D28F-4801-8B4B-664EDC4F755F}.Release|x86.ActiveCfg = Release|Any CPU
		{17E843F9-D28F-4801-8B4B-664EDC4F755F}.Release|x86.Build.0 = Release|Any CPU
		{76F7C0DE-19D0-4807-83EB-0228609CB362}.Debug|Any CPU.ActiveCfg = Debug|Any CPU
		{76F7C0DE-19D0-4807-83EB-0228609CB362}.Debug|Any CPU.Build.0 = Debug|Any CPU
		{76F7C0DE-19D0-4807-83EB-0228609CB362}.Debug|x64.ActiveCfg = Debug|Any CPU
		{76F7C0DE-19D0-4807-83EB-0228609CB362}.Debug|x64.Build.0 = Debug|Any CPU
		{76F7C0DE-19D0-4807-83EB-0228609CB362}.Debug|x86.ActiveCfg = Debug|Any CPU
		{76F7C0DE-19D0-4807-83EB-0228609CB362}.Debug|x86.Build.0 = Debug|Any CPU
		{76F7C0DE-19D0-4807-83EB-0228609CB362}.Release|Any CPU.ActiveCfg = Release|Any CPU
		{76F7C0DE-19D0-4807-83EB-0228609CB362}.Release|Any CPU.Build.0 = Release|Any CPU
		{76F7C0DE-19D0-4807-83EB-0228609CB362}.Release|x64.ActiveCfg = Release|Any CPU
		{76F7C0DE-19D0-4807-83EB-0228609CB362}.Release|x64.Build.0 = Release|Any CPU
		{76F7C0DE-19D0-4807-83EB-0228609CB362}.Release|x86.ActiveCfg = Release|Any CPU
		{76F7C0DE-19D0-4807-83EB-0228609CB362}.Release|x86.Build.0 = Release|Any CPU
		{043F1AF5-7667-42B9-9B61-731AAB644651}.Debug|Any CPU.ActiveCfg = Debug|Any CPU
		{043F1AF5-7667-42B9-9B61-731AAB644651}.Debug|Any CPU.Build.0 = Debug|Any CPU
		{043F1AF5-7667-42B9-9B61-731AAB644651}.Debug|x64.ActiveCfg = Debug|Any CPU
		{043F1AF5-7667-42B9-9B61-731AAB644651}.Debug|x64.Build.0 = Debug|Any CPU
		{043F1AF5-7667-42B9-9B61-731AAB644651}.Debug|x86.ActiveCfg = Debug|Any CPU
		{043F1AF5-7667-42B9-9B61-731AAB644651}.Debug|x86.Build.0 = Debug|Any CPU
		{043F1AF5-7667-42B9-9B61-731AAB644651}.Release|Any CPU.ActiveCfg = Release|Any CPU
		{043F1AF5-7667-42B9-9B61-731AAB644651}.Release|Any CPU.Build.0 = Release|Any CPU
		{043F1AF5-7667-42B9-9B61-731AAB644651}.Release|x64.ActiveCfg = Release|Any CPU
		{043F1AF5-7667-42B9-9B61-731AAB644651}.Release|x64.Build.0 = Release|Any CPU
		{043F1AF5-7667-42B9-9B61-731AAB644651}.Release|x86.ActiveCfg = Release|Any CPU
		{043F1AF5-7667-42B9-9B61-731AAB644651}.Release|x86.Build.0 = Release|Any CPU
		{FC95D664-D395-40CF-89A4-5941A96AB03C}.Debug|Any CPU.ActiveCfg = Debug|Any CPU
		{FC95D664-D395-40CF-89A4-5941A96AB03C}.Debug|Any CPU.Build.0 = Debug|Any CPU
		{FC95D664-D395-40CF-89A4-5941A96AB03C}.Debug|x64.ActiveCfg = Debug|Any CPU
		{FC95D664-D395-40CF-89A4-5941A96AB03C}.Debug|x64.Build.0 = Debug|Any CPU
		{FC95D664-D395-40CF-89A4-5941A96AB03C}.Debug|x86.ActiveCfg = Debug|Any CPU
		{FC95D664-D395-40CF-89A4-5941A96AB03C}.Debug|x86.Build.0 = Debug|Any CPU
		{FC95D664-D395-40CF-89A4-5941A96AB03C}.Release|Any CPU.ActiveCfg = Release|Any CPU
		{FC95D664-D395-40CF-89A4-5941A96AB03C}.Release|Any CPU.Build.0 = Release|Any CPU
		{FC95D664-D395-40CF-89A4-5941A96AB03C}.Release|x64.ActiveCfg = Release|Any CPU
		{FC95D664-D395-40CF-89A4-5941A96AB03C}.Release|x64.Build.0 = Release|Any CPU
		{FC95D664-D395-40CF-89A4-5941A96AB03C}.Release|x86.ActiveCfg = Release|Any CPU
		{FC95D664-D395-40CF-89A4-5941A96AB03C}.Release|x86.Build.0 = Release|Any CPU
		{F5FFB575-AB64-4F60-B188-54CB0F1B34B0}.Debug|Any CPU.ActiveCfg = Debug|Any CPU
		{F5FFB575-AB64-4F60-B188-54CB0F1B34B0}.Debug|Any CPU.Build.0 = Debug|Any CPU
		{F5FFB575-AB64-4F60-B188-54CB0F1B34B0}.Debug|x64.ActiveCfg = Debug|Any CPU
		{F5FFB575-AB64-4F60-B188-54CB0F1B34B0}.Debug|x64.Build.0 = Debug|Any CPU
		{F5FFB575-AB64-4F60-B188-54CB0F1B34B0}.Debug|x86.ActiveCfg = Debug|Any CPU
		{F5FFB575-AB64-4F60-B188-54CB0F1B34B0}.Debug|x86.Build.0 = Debug|Any CPU
		{F5FFB575-AB64-4F60-B188-54CB0F1B34B0}.Release|Any CPU.ActiveCfg = Release|Any CPU
		{F5FFB575-AB64-4F60-B188-54CB0F1B34B0}.Release|Any CPU.Build.0 = Release|Any CPU
		{F5FFB575-AB64-4F60-B188-54CB0F1B34B0}.Release|x64.ActiveCfg = Release|Any CPU
		{F5FFB575-AB64-4F60-B188-54CB0F1B34B0}.Release|x64.Build.0 = Release|Any CPU
		{F5FFB575-AB64-4F60-B188-54CB0F1B34B0}.Release|x86.ActiveCfg = Release|Any CPU
		{F5FFB575-AB64-4F60-B188-54CB0F1B34B0}.Release|x86.Build.0 = Release|Any CPU
		{68D12D32-C9B8-4063-8D1D-58F0D57BA3F6}.Debug|Any CPU.ActiveCfg = Debug|Any CPU
		{68D12D32-C9B8-4063-8D1D-58F0D57BA3F6}.Debug|Any CPU.Build.0 = Debug|Any CPU
		{68D12D32-C9B8-4063-8D1D-58F0D57BA3F6}.Debug|x64.ActiveCfg = Debug|Any CPU
		{68D12D32-C9B8-4063-8D1D-58F0D57BA3F6}.Debug|x64.Build.0 = Debug|Any CPU
		{68D12D32-C9B8-4063-8D1D-58F0D57BA3F6}.Debug|x86.ActiveCfg = Debug|Any CPU
		{68D12D32-C9B8-4063-8D1D-58F0D57BA3F6}.Debug|x86.Build.0 = Debug|Any CPU
		{68D12D32-C9B8-4063-8D1D-58F0D57BA3F6}.Release|Any CPU.ActiveCfg = Release|Any CPU
		{68D12D32-C9B8-4063-8D1D-58F0D57BA3F6}.Release|Any CPU.Build.0 = Release|Any CPU
		{68D12D32-C9B8-4063-8D1D-58F0D57BA3F6}.Release|x64.ActiveCfg = Release|Any CPU
		{68D12D32-C9B8-4063-8D1D-58F0D57BA3F6}.Release|x64.Build.0 = Release|Any CPU
		{68D12D32-C9B8-4063-8D1D-58F0D57BA3F6}.Release|x86.ActiveCfg = Release|Any CPU
		{68D12D32-C9B8-4063-8D1D-58F0D57BA3F6}.Release|x86.Build.0 = Release|Any CPU
		{0459317C-F4B3-4170-B5C7-E3F035B54C29}.Debug|Any CPU.ActiveCfg = Debug|Any CPU
		{0459317C-F4B3-4170-B5C7-E3F035B54C29}.Debug|Any CPU.Build.0 = Debug|Any CPU
		{0459317C-F4B3-4170-B5C7-E3F035B54C29}.Debug|x64.ActiveCfg = Debug|Any CPU
		{0459317C-F4B3-4170-B5C7-E3F035B54C29}.Debug|x64.Build.0 = Debug|Any CPU
		{0459317C-F4B3-4170-B5C7-E3F035B54C29}.Debug|x86.ActiveCfg = Debug|Any CPU
		{0459317C-F4B3-4170-B5C7-E3F035B54C29}.Debug|x86.Build.0 = Debug|Any CPU
		{0459317C-F4B3-4170-B5C7-E3F035B54C29}.Release|Any CPU.ActiveCfg = Release|Any CPU
		{0459317C-F4B3-4170-B5C7-E3F035B54C29}.Release|Any CPU.Build.0 = Release|Any CPU
		{0459317C-F4B3-4170-B5C7-E3F035B54C29}.Release|x64.ActiveCfg = Release|Any CPU
		{0459317C-F4B3-4170-B5C7-E3F035B54C29}.Release|x64.Build.0 = Release|Any CPU
		{0459317C-F4B3-4170-B5C7-E3F035B54C29}.Release|x86.ActiveCfg = Release|Any CPU
		{0459317C-F4B3-4170-B5C7-E3F035B54C29}.Release|x86.Build.0 = Release|Any CPU
		{7C32000D-02EE-46AD-9A94-6A1A82E496B2}.Debug|Any CPU.ActiveCfg = Debug|Any CPU
		{7C32000D-02EE-46AD-9A94-6A1A82E496B2}.Debug|Any CPU.Build.0 = Debug|Any CPU
		{7C32000D-02EE-46AD-9A94-6A1A82E496B2}.Debug|x64.ActiveCfg = Debug|Any CPU
		{7C32000D-02EE-46AD-9A94-6A1A82E496B2}.Debug|x64.Build.0 = Debug|Any CPU
		{7C32000D-02EE-46AD-9A94-6A1A82E496B2}.Debug|x86.ActiveCfg = Debug|Any CPU
		{7C32000D-02EE-46AD-9A94-6A1A82E496B2}.Debug|x86.Build.0 = Debug|Any CPU
		{7C32000D-02EE-46AD-9A94-6A1A82E496B2}.Release|Any CPU.ActiveCfg = Release|Any CPU
		{7C32000D-02EE-46AD-9A94-6A1A82E496B2}.Release|Any CPU.Build.0 = Release|Any CPU
		{7C32000D-02EE-46AD-9A94-6A1A82E496B2}.Release|x64.ActiveCfg = Release|Any CPU
		{7C32000D-02EE-46AD-9A94-6A1A82E496B2}.Release|x64.Build.0 = Release|Any CPU
		{7C32000D-02EE-46AD-9A94-6A1A82E496B2}.Release|x86.ActiveCfg = Release|Any CPU
		{7C32000D-02EE-46AD-9A94-6A1A82E496B2}.Release|x86.Build.0 = Release|Any CPU
		{F6382F4D-0B83-445D-BC62-745E0ABEBB46}.Debug|Any CPU.ActiveCfg = Debug|Any CPU
		{F6382F4D-0B83-445D-BC62-745E0ABEBB46}.Debug|Any CPU.Build.0 = Debug|Any CPU
		{F6382F4D-0B83-445D-BC62-745E0ABEBB46}.Debug|x64.ActiveCfg = Debug|Any CPU
		{F6382F4D-0B83-445D-BC62-745E0ABEBB46}.Debug|x64.Build.0 = Debug|Any CPU
		{F6382F4D-0B83-445D-BC62-745E0ABEBB46}.Debug|x86.ActiveCfg = Debug|Any CPU
		{F6382F4D-0B83-445D-BC62-745E0ABEBB46}.Debug|x86.Build.0 = Debug|Any CPU
		{F6382F4D-0B83-445D-BC62-745E0ABEBB46}.Release|Any CPU.ActiveCfg = Release|Any CPU
		{F6382F4D-0B83-445D-BC62-745E0ABEBB46}.Release|Any CPU.Build.0 = Release|Any CPU
		{F6382F4D-0B83-445D-BC62-745E0ABEBB46}.Release|x64.ActiveCfg = Release|Any CPU
		{F6382F4D-0B83-445D-BC62-745E0ABEBB46}.Release|x64.Build.0 = Release|Any CPU
		{F6382F4D-0B83-445D-BC62-745E0ABEBB46}.Release|x86.ActiveCfg = Release|Any CPU
		{F6382F4D-0B83-445D-BC62-745E0ABEBB46}.Release|x86.Build.0 = Release|Any CPU
		{243D3BA9-F869-42EE-8E9C-7F24A31B0C1A}.Debug|Any CPU.ActiveCfg = Debug|Any CPU
		{243D3BA9-F869-42EE-8E9C-7F24A31B0C1A}.Debug|Any CPU.Build.0 = Debug|Any CPU
		{243D3BA9-F869-42EE-8E9C-7F24A31B0C1A}.Debug|x64.ActiveCfg = Debug|Any CPU
		{243D3BA9-F869-42EE-8E9C-7F24A31B0C1A}.Debug|x64.Build.0 = Debug|Any CPU
		{243D3BA9-F869-42EE-8E9C-7F24A31B0C1A}.Debug|x86.ActiveCfg = Debug|Any CPU
		{243D3BA9-F869-42EE-8E9C-7F24A31B0C1A}.Debug|x86.Build.0 = Debug|Any CPU
		{243D3BA9-F869-42EE-8E9C-7F24A31B0C1A}.Release|Any CPU.ActiveCfg = Release|Any CPU
		{243D3BA9-F869-42EE-8E9C-7F24A31B0C1A}.Release|Any CPU.Build.0 = Release|Any CPU
		{243D3BA9-F869-42EE-8E9C-7F24A31B0C1A}.Release|x64.ActiveCfg = Release|Any CPU
		{243D3BA9-F869-42EE-8E9C-7F24A31B0C1A}.Release|x64.Build.0 = Release|Any CPU
		{243D3BA9-F869-42EE-8E9C-7F24A31B0C1A}.Release|x86.ActiveCfg = Release|Any CPU
		{243D3BA9-F869-42EE-8E9C-7F24A31B0C1A}.Release|x86.Build.0 = Release|Any CPU
		{4658C8B6-5321-4E8A-9388-DDDFF52E08B3}.Debug|Any CPU.ActiveCfg = Debug|Any CPU
		{4658C8B6-5321-4E8A-9388-DDDFF52E08B3}.Debug|Any CPU.Build.0 = Debug|Any CPU
		{4658C8B6-5321-4E8A-9388-DDDFF52E08B3}.Debug|x64.ActiveCfg = Debug|Any CPU
		{4658C8B6-5321-4E8A-9388-DDDFF52E08B3}.Debug|x64.Build.0 = Debug|Any CPU
		{4658C8B6-5321-4E8A-9388-DDDFF52E08B3}.Debug|x86.ActiveCfg = Debug|Any CPU
		{4658C8B6-5321-4E8A-9388-DDDFF52E08B3}.Debug|x86.Build.0 = Debug|Any CPU
		{4658C8B6-5321-4E8A-9388-DDDFF52E08B3}.Release|Any CPU.ActiveCfg = Release|Any CPU
		{4658C8B6-5321-4E8A-9388-DDDFF52E08B3}.Release|Any CPU.Build.0 = Release|Any CPU
		{4658C8B6-5321-4E8A-9388-DDDFF52E08B3}.Release|x64.ActiveCfg = Release|Any CPU
		{4658C8B6-5321-4E8A-9388-DDDFF52E08B3}.Release|x64.Build.0 = Release|Any CPU
		{4658C8B6-5321-4E8A-9388-DDDFF52E08B3}.Release|x86.ActiveCfg = Release|Any CPU
		{4658C8B6-5321-4E8A-9388-DDDFF52E08B3}.Release|x86.Build.0 = Release|Any CPU
		{A63DD9A9-3800-4344-A539-476DA47688FC}.Debug|Any CPU.ActiveCfg = Debug|Any CPU
		{A63DD9A9-3800-4344-A539-476DA47688FC}.Debug|Any CPU.Build.0 = Debug|Any CPU
		{A63DD9A9-3800-4344-A539-476DA47688FC}.Release|Any CPU.ActiveCfg = Release|Any CPU
		{A63DD9A9-3800-4344-A539-476DA47688FC}.Release|Any CPU.Build.0 = Release|Any CPU
		{7FD0463B-19C4-46C4-8546-F033D8E4C6F5}.Debug|Any CPU.ActiveCfg = Debug|Any CPU
		{7FD0463B-19C4-46C4-8546-F033D8E4C6F5}.Debug|Any CPU.Build.0 = Debug|Any CPU
		{7FD0463B-19C4-46C4-8546-F033D8E4C6F5}.Release|Any CPU.ActiveCfg = Release|Any CPU
		{7FD0463B-19C4-46C4-8546-F033D8E4C6F5}.Release|Any CPU.Build.0 = Release|Any CPU
		{C39B9B45-56DD-446A-8042-EF41169B5F0D}.Debug|Any CPU.ActiveCfg = Debug|Any CPU
		{C39B9B45-56DD-446A-8042-EF41169B5F0D}.Debug|Any CPU.Build.0 = Debug|Any CPU
		{C39B9B45-56DD-446A-8042-EF41169B5F0D}.Release|Any CPU.ActiveCfg = Release|Any CPU
		{C39B9B45-56DD-446A-8042-EF41169B5F0D}.Release|Any CPU.Build.0 = Release|Any CPU
		{97E14D3B-7CF4-465F-841F-94026FF5FAA7}.Debug|Any CPU.ActiveCfg = Debug|Any CPU
		{97E14D3B-7CF4-465F-841F-94026FF5FAA7}.Debug|Any CPU.Build.0 = Debug|Any CPU
		{97E14D3B-7CF4-465F-841F-94026FF5FAA7}.Release|Any CPU.ActiveCfg = Release|Any CPU
		{97E14D3B-7CF4-465F-841F-94026FF5FAA7}.Release|Any CPU.Build.0 = Release|Any CPU
	EndGlobalSection
	GlobalSection(SolutionProperties) = preSolution
		HideSolutionNode = FALSE
	EndGlobalSection
	GlobalSection(NestedProjects) = preSolution
		{8A391EB7-3CB0-4D5C-8F09-30905937AA91} = {0AB3BF05-4346-4AA6-1389-037BE0695223}
		{8272A61A-2A16-4F60-8B53-DA1BE6939CA2} = {0AB3BF05-4346-4AA6-1389-037BE0695223}
		{69F57989-E714-4637-AD0E-EE2A7722E057} = {0AB3BF05-4346-4AA6-1389-037BE0695223}
		{764CF3C5-F85B-4E50-8AD0-979810B3C5C0} = {0AB3BF05-4346-4AA6-1389-037BE0695223}
		{FE097BA9-9C80-488F-BF14-EF29C76774B1} = {0AB3BF05-4346-4AA6-1389-037BE0695223}
		{8A1292F3-0226-47E8-841E-BFA6CA9B06FB} = {0AB3BF05-4346-4AA6-1389-037BE0695223}
		{80F7D2C1-BC93-4485-A939-FE22DDDE82CC} = {0AB3BF05-4346-4AA6-1389-037BE0695223}
		{D7E80AF1-D176-4BE7-AFC8-F43951152B7A} = {0AB3BF05-4346-4AA6-1389-037BE0695223}
		{792C00DD-97C0-453D-A6C2-CA1061B68A5C} = {0AB3BF05-4346-4AA6-1389-037BE0695223}
		{B7339F51-E9D7-439B-A148-8B009FA5AE50} = {0AB3BF05-4346-4AA6-1389-037BE0695223}
		{17E843F9-D28F-4801-8B4B-664EDC4F755F} = {B9FBAFE2-CEC1-436C-EDF6-A2E2E379FED6}
		{76F7C0DE-19D0-4807-83EB-0228609CB362} = {B9FBAFE2-CEC1-436C-EDF6-A2E2E379FED6}
		{043F1AF5-7667-42B9-9B61-731AAB644651} = {B9FBAFE2-CEC1-436C-EDF6-A2E2E379FED6}
		{FC95D664-D395-40CF-89A4-5941A96AB03C} = {B9FBAFE2-CEC1-436C-EDF6-A2E2E379FED6}
		{F5FFB575-AB64-4F60-B188-54CB0F1B34B0} = {B9FBAFE2-CEC1-436C-EDF6-A2E2E379FED6}
		{68D12D32-C9B8-4063-8D1D-58F0D57BA3F6} = {B9FBAFE2-CEC1-436C-EDF6-A2E2E379FED6}
		{F6382F4D-0B83-445D-BC62-745E0ABEBB46} = {0AB3BF05-4346-4AA6-1389-037BE0695223}
		{243D3BA9-F869-42EE-8E9C-7F24A31B0C1A} = {0AB3BF05-4346-4AA6-1389-037BE0695223}
		{4658C8B6-5321-4E8A-9388-DDDFF52E08B3} = {0AB3BF05-4346-4AA6-1389-037BE0695223}
	EndGlobalSection
EndGlobal
