
Microsoft Visual Studio Solution File, Format Version 12.00
# Visual Studio Version 17
VisualStudioVersion = 17.0.31903.59
MinimumVisualStudioVersion = 10.0.40219.1
Project("{FAE04EC0-301F-11D3-BF4B-00C04F79EFBC}") = "StrataLint.Engine", "StrataLint.Engine\StrataLint.Engine.csproj", "{E2F4B19B-65AA-4D27-8319-58448E8C0E47}"
EndProject
Project("{FAE04EC0-301F-11D3-BF4B-00C04F79EFBC}") = "StrataLint.Cli", "StrataLint.Cli\StrataLint.Cli.csproj", "{41A4D7E4-06DD-4E89-A052-D5DC46D8D073}"
EndProject
Project("{FAE04EC0-301F-11D3-BF4B-00C04F79EFBC}") = "StrataLint.Tests", "tests\StrataLint.Tests\StrataLint.Tests.csproj", "{7B712EF8-0E6F-4F14-972D-51518C355D44}"
EndProject
Project("{FAE04EC0-301F-11D3-BF4B-00C04F79EFBC}") = "StrataLint.Scribe", "StrataLint.Scribe\StrataLint.Scribe.csproj", "{8F559351-871D-44A0-8D99-6CE7C83D7001}"
EndProject
Project("{FAE04EC0-301F-11D3-BF4B-00C04F79EFBC}") = "StrataLint.Scribe.Tests", "tests\StrataLint.Scribe.Tests\StrataLint.Scribe.Tests.csproj", "{B26A0B2F-7288-4C1F-AE3F-C8742C534876}"
EndProject
Project("{FAE04EC0-301F-11D3-BF4B-00C04F79EFBC}") = "StrataLint.ArchitectureTests", "tests\StrataLint.ArchitectureTests\StrataLint.ArchitectureTests.csproj", "{1597A91E-2EAD-4E6E-BA67-1EAFA7182300}"
EndProject
Project("{FAE04EC0-301F-11D3-BF4B-00C04F79EFBC}") = "StrataLint.EngineeringScope", "StrataLint.EngineeringScope\StrataLint.EngineeringScope.csproj", "{2055AE1E-5F31-4AB4-91ED-369E4D248596}"
EndProject
Project("{FAE04EC0-301F-11D3-BF4B-00C04F79EFBC}") = "Trureturing.Truth", "Trureturing.Truth\Trureturing.Truth.csproj", "{3A34CCAD-D87C-433D-98BE-93925312928E}"
EndProject
Project("{FAE04EC0-301F-11D3-BF4B-00C04F79EFBC}") = "StrataLint.Engine.Tests", "tests\StrataLint.Engine.Tests\StrataLint.Engine.Tests.csproj", "{BE5C02FE-FA46-4E42-B5DD-7536099DE90F}"
EndProject
Project("{FAE04EC0-301F-11D3-BF4B-00C04F79EFBC}") = "StrataLint.EngineeringScope.Tests", "tests\StrataLint.EngineeringScope.Tests\StrataLint.EngineeringScope.Tests.csproj", "{CBFEB510-BA69-4689-BDE7-915D4A19DAC0}"
EndProject
Global
	GlobalSection(SolutionConfigurationPlatforms) = preSolution
		Debug|Any CPU = Debug|Any CPU
		Debug|x64 = Debug|x64
		Debug|x86 = Debug|x86
		Release|Any CPU = Release|Any CPU
		Release|x64 = Release|x64
		Release|x86 = Release|x86
	EndGlobalSection
	GlobalSection(ProjectConfigurationPlatforms) = postSolution
		{E2F4B19B-65AA-4D27-8319-58448E8C0E47}.Debug|Any CPU.ActiveCfg = Debug|Any CPU
		{E2F4B19B-65AA-4D27-8319-58448E8C0E47}.Debug|Any CPU.Build.0 = Debug|Any CPU
		{E2F4B19B-65AA-4D27-8319-58448E8C0E47}.Debug|x64.ActiveCfg = Debug|Any CPU
		{E2F4B19B-65AA-4D27-8319-58448E8C0E47}.Debug|x64.Build.0 = Debug|Any CPU
		{E2F4B19B-65AA-4D27-8319-58448E8C0E47}.Debug|x86.ActiveCfg = Debug|Any CPU
		{E2F4B19B-65AA-4D27-8319-58448E8C0E47}.Debug|x86.Build.0 = Debug|Any CPU
		{E2F4B19B-65AA-4D27-8319-58448E8C0E47}.Release|Any CPU.ActiveCfg = Release|Any CPU
		{E2F4B19B-65AA-4D27-8319-58448E8C0E47}.Release|Any CPU.Build.0 = Release|Any CPU
		{E2F4B19B-65AA-4D27-8319-58448E8C0E47}.Release|x64.ActiveCfg = Release|Any CPU
		{E2F4B19B-65AA-4D27-8319-58448E8C0E47}.Release|x64.Build.0 = Release|Any CPU
		{E2F4B19B-65AA-4D27-8319-58448E8C0E47}.Release|x86.ActiveCfg = Release|Any CPU
		{E2F4B19B-65AA-4D27-8319-58448E8C0E47}.Release|x86.Build.0 = Release|Any CPU
		{41A4D7E4-06DD-4E89-A052-D5DC46D8D073}.Debug|Any CPU.ActiveCfg = Debug|Any CPU
		{41A4D7E4-06DD-4E89-A052-D5DC46D8D073}.Debug|Any CPU.Build.0 = Debug|Any CPU
		{41A4D7E4-06DD-4E89-A052-D5DC46D8D073}.Debug|x64.ActiveCfg = Debug|Any CPU
		{41A4D7E4-06DD-4E89-A052-D5DC46D8D073}.Debug|x64.Build.0 = Debug|Any CPU
		{41A4D7E4-06DD-4E89-A052-D5DC46D8D073}.Debug|x86.ActiveCfg = Debug|Any CPU
		{41A4D7E4-06DD-4E89-A052-D5DC46D8D073}.Debug|x86.Build.0 = Debug|Any CPU
		{41A4D7E4-06DD-4E89-A052-D5DC46D8D073}.Release|Any CPU.ActiveCfg = Release|Any CPU
		{41A4D7E4-06DD-4E89-A052-D5DC46D8D073}.Release|Any CPU.Build.0 = Release|Any CPU
		{41A4D7E4-06DD-4E89-A052-D5DC46D8D073}.Release|x64.ActiveCfg = Release|Any CPU
		{41A4D7E4-06DD-4E89-A052-D5DC46D8D073}.Release|x64.Build.0 = Release|Any CPU
		{41A4D7E4-06DD-4E89-A052-D5DC46D8D073}.Release|x86.ActiveCfg = Release|Any CPU
		{41A4D7E4-06DD-4E89-A052-D5DC46D8D073}.Release|x86.Build.0 = Release|Any CPU
		{7B712EF8-0E6F-4F14-972D-51518C355D44}.Debug|Any CPU.ActiveCfg = Debug|Any CPU
		{7B712EF8-0E6F-4F14-972D-51518C355D44}.Debug|Any CPU.Build.0 = Debug|Any CPU
		{7B712EF8-0E6F-4F14-972D-51518C355D44}.Debug|x64.ActiveCfg = Debug|Any CPU
		{7B712EF8-0E6F-4F14-972D-51518C355D44}.Debug|x64.Build.0 = Debug|Any CPU
		{7B712EF8-0E6F-4F14-972D-51518C355D44}.Debug|x86.ActiveCfg = Debug|Any CPU
		{7B712EF8-0E6F-4F14-972D-51518C355D44}.Debug|x86.Build.0 = Debug|Any CPU
		{7B712EF8-0E6F-4F14-972D-51518C355D44}.Release|Any CPU.ActiveCfg = Release|Any CPU
		{7B712EF8-0E6F-4F14-972D-51518C355D44}.Release|Any CPU.Build.0 = Release|Any CPU
		{7B712EF8-0E6F-4F14-972D-51518C355D44}.Release|x64.ActiveCfg = Release|Any CPU
		{7B712EF8-0E6F-4F14-972D-51518C355D44}.Release|x64.Build.0 = Release|Any CPU
		{7B712EF8-0E6F-4F14-972D-51518C355D44}.Release|x86.ActiveCfg = Release|Any CPU
		{7B712EF8-0E6F-4F14-972D-51518C355D44}.Release|x86.Build.0 = Release|Any CPU
		{8F559351-871D-44A0-8D99-6CE7C83D7001}.Debug|Any CPU.ActiveCfg = Debug|Any CPU
		{8F559351-871D-44A0-8D99-6CE7C83D7001}.Debug|Any CPU.Build.0 = Debug|Any CPU
		{8F559351-871D-44A0-8D99-6CE7C83D7001}.Debug|x64.ActiveCfg = Debug|Any CPU
		{8F559351-871D-44A0-8D99-6CE7C83D7001}.Debug|x64.Build.0 = Debug|Any CPU
		{8F559351-871D-44A0-8D99-6CE7C83D7001}.Debug|x86.ActiveCfg = Debug|Any CPU
		{8F559351-871D-44A0-8D99-6CE7C83D7001}.Debug|x86.Build.0 = Debug|Any CPU
		{8F559351-871D-44A0-8D99-6CE7C83D7001}.Release|Any CPU.ActiveCfg = Release|Any CPU
		{8F559351-871D-44A0-8D99-6CE7C83D7001}.Release|Any CPU.Build.0 = Release|Any CPU
		{8F559351-871D-44A0-8D99-6CE7C83D7001}.Release|x64.ActiveCfg = Release|Any CPU
		{8F559351-871D-44A0-8D99-6CE7C83D7001}.Release|x64.Build.0 = Release|Any CPU
		{8F559351-871D-44A0-8D99-6CE7C83D7001}.Release|x86.ActiveCfg = Release|Any CPU
		{8F559351-871D-44A0-8D99-6CE7C83D7001}.Release|x86.Build.0 = Release|Any CPU
		{B26A0B2F-7288-4C1F-AE3F-C8742C534876}.Debug|Any CPU.ActiveCfg = Debug|Any CPU
		{B26A0B2F-7288-4C1F-AE3F-C8742C534876}.Debug|Any CPU.Build.0 = Debug|Any CPU
		{B26A0B2F-7288-4C1F-AE3F-C8742C534876}.Debug|x64.ActiveCfg = Debug|Any CPU
		{B26A0B2F-7288-4C1F-AE3F-C8742C534876}.Debug|x64.Build.0 = Debug|Any CPU
		{B26A0B2F-7288-4C1F-AE3F-C8742C534876}.Debug|x86.ActiveCfg = Debug|Any CPU
		{B26A0B2F-7288-4C1F-AE3F-C8742C534876}.Debug|x86.Build.0 = Debug|Any CPU
		{B26A0B2F-7288-4C1F-AE3F-C8742C534876}.Release|Any CPU.ActiveCfg = Release|Any CPU
		{B26A0B2F-7288-4C1F-AE3F-C8742C534876}.Release|Any CPU.Build.0 = Release|Any CPU
		{B26A0B2F-7288-4C1F-AE3F-C8742C534876}.Release|x64.ActiveCfg = Release|Any CPU
		{B26A0B2F-7288-4C1F-AE3F-C8742C534876}.Release|x64.Build.0 = Release|Any CPU
		{B26A0B2F-7288-4C1F-AE3F-C8742C534876}.Release|x86.ActiveCfg = Release|Any CPU
		{B26A0B2F-7288-4C1F-AE3F-C8742C534876}.Release|x86.Build.0 = Release|Any CPU
		{1597A91E-2EAD-4E6E-BA67-1EAFA7182300}.Debug|Any CPU.ActiveCfg = Debug|Any CPU
		{1597A91E-2EAD-4E6E-BA67-1EAFA7182300}.Debug|Any CPU.Build.0 = Debug|Any CPU
		{1597A91E-2EAD-4E6E-BA67-1EAFA7182300}.Debug|x64.ActiveCfg = Debug|Any CPU
		{1597A91E-2EAD-4E6E-BA67-1EAFA7182300}.Debug|x64.Build.0 = Debug|Any CPU
		{1597A91E-2EAD-4E6E-BA67-1EAFA7182300}.Debug|x86.ActiveCfg = Debug|Any CPU
		{1597A91E-2EAD-4E6E-BA67-1EAFA7182300}.Debug|x86.Build.0 = Debug|Any CPU
		{1597A91E-2EAD-4E6E-BA67-1EAFA7182300}.Release|Any CPU.ActiveCfg = Release|Any CPU
		{1597A91E-2EAD-4E6E-BA67-1EAFA7182300}.Release|Any CPU.Build.0 = Release|Any CPU
		{1597A91E-2EAD-4E6E-BA67-1EAFA7182300}.Release|x64.ActiveCfg = Release|Any CPU
		{1597A91E-2EAD-4E6E-BA67-1EAFA7182300}.Release|x64.Build.0 = Release|Any CPU
		{1597A91E-2EAD-4E6E-BA67-1EAFA7182300}.Release|x86.ActiveCfg = Release|Any CPU
		{1597A91E-2EAD-4E6E-BA67-1EAFA7182300}.Release|x86.Build.0 = Release|Any CPU
		{2055AE1E-5F31-4AB4-91ED-369E4D248596}.Debug|Any CPU.ActiveCfg = Debug|Any CPU
		{2055AE1E-5F31-4AB4-91ED-369E4D248596}.Debug|Any CPU.Build.0 = Debug|Any CPU
		{2055AE1E-5F31-4AB4-91ED-369E4D248596}.Debug|x64.ActiveCfg = Debug|Any CPU
		{2055AE1E-5F31-4AB4-91ED-369E4D248596}.Debug|x64.Build.0 = Debug|Any CPU
		{2055AE1E-5F31-4AB4-91ED-369E4D248596}.Debug|x86.ActiveCfg = Debug|Any CPU
		{2055AE1E-5F31-4AB4-91ED-369E4D248596}.Debug|x86.Build.0 = Debug|Any CPU
		{2055AE1E-5F31-4AB4-91ED-369E4D248596}.Release|Any CPU.ActiveCfg = Release|Any CPU
		{2055AE1E-5F31-4AB4-91ED-369E4D248596}.Release|Any CPU.Build.0 = Release|Any CPU
		{2055AE1E-5F31-4AB4-91ED-369E4D248596}.Release|x64.ActiveCfg = Release|Any CPU
		{2055AE1E-5F31-4AB4-91ED-369E4D248596}.Release|x64.Build.0 = Release|Any CPU
		{2055AE1E-5F31-4AB4-91ED-369E4D248596}.Release|x86.ActiveCfg = Release|Any CPU
		{2055AE1E-5F31-4AB4-91ED-369E4D248596}.Release|x86.Build.0 = Release|Any CPU
		{3A34CCAD-D87C-433D-98BE-93925312928E}.Debug|Any CPU.ActiveCfg = Debug|Any CPU
		{3A34CCAD-D87C-433D-98BE-93925312928E}.Debug|Any CPU.Build.0 = Debug|Any CPU
		{3A34CCAD-D87C-433D-98BE-93925312928E}.Debug|x64.ActiveCfg = Debug|Any CPU
		{3A34CCAD-D87C-433D-98BE-93925312928E}.Debug|x64.Build.0 = Debug|Any CPU
		{3A34CCAD-D87C-433D-98BE-93925312928E}.Debug|x86.ActiveCfg = Debug|Any CPU
		{3A34CCAD-D87C-433D-98BE-93925312928E}.Debug|x86.Build.0 = Debug|Any CPU
		{3A34CCAD-D87C-433D-98BE-93925312928E}.Release|Any CPU.ActiveCfg = Release|Any CPU
		{3A34CCAD-D87C-433D-98BE-93925312928E}.Release|Any CPU.Build.0 = Release|Any CPU
		{3A34CCAD-D87C-433D-98BE-93925312928E}.Release|x64.ActiveCfg = Release|Any CPU
		{3A34CCAD-D87C-433D-98BE-93925312928E}.Release|x64.Build.0 = Release|Any CPU
		{3A34CCAD-D87C-433D-98BE-93925312928E}.Release|x86.ActiveCfg = Release|Any CPU
		{3A34CCAD-D87C-433D-98BE-93925312928E}.Release|x86.Build.0 = Release|Any CPU
		{BE5C02FE-FA46-4E42-B5DD-7536099DE90F}.Debug|Any CPU.ActiveCfg = Debug|Any CPU
		{BE5C02FE-FA46-4E42-B5DD-7536099DE90F}.Debug|Any CPU.Build.0 = Debug|Any CPU
		{BE5C02FE-FA46-4E42-B5DD-7536099DE90F}.Debug|x64.ActiveCfg = Debug|Any CPU
		{BE5C02FE-FA46-4E42-B5DD-7536099DE90F}.Debug|x64.Build.0 = Debug|Any CPU
		{BE5C02FE-FA46-4E42-B5DD-7536099DE90F}.Debug|x86.ActiveCfg = Debug|Any CPU
		{BE5C02FE-FA46-4E42-B5DD-7536099DE90F}.Debug|x86.Build.0 = Debug|Any CPU
		{BE5C02FE-FA46-4E42-B5DD-7536099DE90F}.Release|Any CPU.ActiveCfg = Release|Any CPU
		{BE5C02FE-FA46-4E42-B5DD-7536099DE90F}.Release|Any CPU.Build.0 = Release|Any CPU
		{BE5C02FE-FA46-4E42-B5DD-7536099DE90F}.Release|x64.ActiveCfg = Release|Any CPU
		{BE5C02FE-FA46-4E42-B5DD-7536099DE90F}.Release|x64.Build.0 = Release|Any CPU
		{BE5C02FE-FA46-4E42-B5DD-7536099DE90F}.Release|x86.ActiveCfg = Release|Any CPU
		{BE5C02FE-FA46-4E42-B5DD-7536099DE90F}.Release|x86.Build.0 = Release|Any CPU
		{CBFEB510-BA69-4689-BDE7-915D4A19DAC0}.Debug|Any CPU.ActiveCfg = Debug|Any CPU
		{CBFEB510-BA69-4689-BDE7-915D4A19DAC0}.Debug|Any CPU.Build.0 = Debug|Any CPU
		{CBFEB510-BA69-4689-BDE7-915D4A19DAC0}.Debug|x64.ActiveCfg = Debug|Any CPU
		{CBFEB510-BA69-4689-BDE7-915D4A19DAC0}.Debug|x64.Build.0 = Debug|Any CPU
		{CBFEB510-BA69-4689-BDE7-915D4A19DAC0}.Debug|x86.ActiveCfg = Debug|Any CPU
		{CBFEB510-BA69-4689-BDE7-915D4A19DAC0}.Debug|x86.Build.0 = Debug|Any CPU
		{CBFEB510-BA69-4689-BDE7-915D4A19DAC0}.Release|Any CPU.ActiveCfg = Release|Any CPU
		{CBFEB510-BA69-4689-BDE7-915D4A19DAC0}.Release|Any CPU.Build.0 = Release|Any CPU
		{CBFEB510-BA69-4689-BDE7-915D4A19DAC0}.Release|x64.ActiveCfg = Release|Any CPU
		{CBFEB510-BA69-4689-BDE7-915D4A19DAC0}.Release|x64.Build.0 = Release|Any CPU
		{CBFEB510-BA69-4689-BDE7-915D4A19DAC0}.Release|x86.ActiveCfg = Release|Any CPU
		{CBFEB510-BA69-4689-BDE7-915D4A19DAC0}.Release|x86.Build.0 = Release|Any CPU
	EndGlobalSection
	GlobalSection(SolutionProperties) = preSolution
		HideSolutionNode = FALSE
	EndGlobalSection
EndGlobal
